Microsoft Visual Studio Solution File, Format Version 12.00
# Visual Studio 14
VisualStudioVersion = 14.0.24720.0
MinimumVisualStudioVersion = 10.0.40219.1
Project("{8BC9CEB8-8B4A-11D0-8D11-00A0C91BC942}") = "machine", "machine\machine.vcxproj", "{DC73A9E2-DE6D-476D-A36B-1F9BE152E5A6}"
EndProject
Project("{8BC9CEB8-8B4A-11D0-8D11-00A0C91BC942}") = "ast", "ast\ast.vcxproj", "{AC9F303E-D58B-4C7F-BCD7-A309BAE5E60C}"
	ProjectSection(ProjectDependencies) = postProject
		{DC73A9E2-DE6D-476D-A36B-1F9BE152E5A6} = {DC73A9E2-DE6D-476D-A36B-1F9BE152E5A6}
	EndProjectSection
EndProject
Project("{8BC9CEB8-8B4A-11D0-8D11-00A0C91BC942}") = "parser", "parser\parser.vcxproj", "{0B34F7CF-6295-4243-89E9-F5BB5933FDCA}"
	ProjectSection(ProjectDependencies) = postProject
		{AC9F303E-D58B-4C7F-BCD7-A309BAE5E60C} = {AC9F303E-D58B-4C7F-BCD7-A309BAE5E60C}
		{DC73A9E2-DE6D-476D-A36B-1F9BE152E5A6} = {DC73A9E2-DE6D-476D-A36B-1F9BE152E5A6}
	EndProjectSection
EndProject
Project("{8BC9CEB8-8B4A-11D0-8D11-00A0C91BC942}") = "vm", "vm\vm.vcxproj", "{40DEEB5E-8946-4283-8898-2DE424572406}"
	ProjectSection(ProjectDependencies) = postProject
		{8E77B61E-97DD-4D11-8C81-8009C534F38A} = {8E77B61E-97DD-4D11-8C81-8009C534F38A}
		{AC9F303E-D58B-4C7F-BCD7-A309BAE5E60C} = {AC9F303E-D58B-4C7F-BCD7-A309BAE5E60C}
		{832C864C-F397-4F8E-8C3C-6AF6DC71227E} = {832C864C-F397-4F8E-8C3C-6AF6DC71227E}
		{D8CA858E-F337-46E6-B22C-02E7E82B1CF1} = {D8CA858E-F337-46E6-B22C-02E7E82B1CF1}
		{2F515190-089A-433E-AE60-A837BCE6BD53} = {2F515190-089A-433E-AE60-A837BCE6BD53}
		{0B34F7CF-6295-4243-89E9-F5BB5933FDCA} = {0B34F7CF-6295-4243-89E9-F5BB5933FDCA}
		{DC73A9E2-DE6D-476D-A36B-1F9BE152E5A6} = {DC73A9E2-DE6D-476D-A36B-1F9BE152E5A6}
	EndProjectSection
EndProject
Project("{8BC9CEB8-8B4A-11D0-8D11-00A0C91BC942}") = "buildsys", "buildsys\buildsys.vcxproj", "{8987BCE5-A0A7-4DD0-948A-36F8D53B24A1}"
	ProjectSection(ProjectDependencies) = postProject
		{8E77B61E-97DD-4D11-8C81-8009C534F38A} = {8E77B61E-97DD-4D11-8C81-8009C534F38A}
		{AC9F303E-D58B-4C7F-BCD7-A309BAE5E60C} = {AC9F303E-D58B-4C7F-BCD7-A309BAE5E60C}
		{832C864C-F397-4F8E-8C3C-6AF6DC71227E} = {832C864C-F397-4F8E-8C3C-6AF6DC71227E}
		{2F515190-089A-433E-AE60-A837BCE6BD53} = {2F515190-089A-433E-AE60-A837BCE6BD53}
		{2D0171A1-5DD6-42A5-8FCE-908257EAFBE9} = {2D0171A1-5DD6-42A5-8FCE-908257EAFBE9}
		{0B34F7CF-6295-4243-89E9-F5BB5933FDCA} = {0B34F7CF-6295-4243-89E9-F5BB5933FDCA}
		{DC73A9E2-DE6D-476D-A36B-1F9BE152E5A6} = {DC73A9E2-DE6D-476D-A36B-1F9BE152E5A6}
	EndProjectSection
EndProject
Project("{8BC9CEB8-8B4A-11D0-8D11-00A0C91BC942}") = "symbols", "symbols\symbols.vcxproj", "{2F515190-089A-433E-AE60-A837BCE6BD53}"
	ProjectSection(ProjectDependencies) = postProject
		{AC9F303E-D58B-4C7F-BCD7-A309BAE5E60C} = {AC9F303E-D58B-4C7F-BCD7-A309BAE5E60C}
		{DC73A9E2-DE6D-476D-A36B-1F9BE152E5A6} = {DC73A9E2-DE6D-476D-A36B-1F9BE152E5A6}
	EndProjectSection
EndProject
Project("{8BC9CEB8-8B4A-11D0-8D11-00A0C91BC942}") = "build", "build\build.vcxproj", "{832C864C-F397-4F8E-8C3C-6AF6DC71227E}"
	ProjectSection(ProjectDependencies) = postProject
		{8E77B61E-97DD-4D11-8C81-8009C534F38A} = {8E77B61E-97DD-4D11-8C81-8009C534F38A}
		{AC9F303E-D58B-4C7F-BCD7-A309BAE5E60C} = {AC9F303E-D58B-4C7F-BCD7-A309BAE5E60C}
		{2F515190-089A-433E-AE60-A837BCE6BD53} = {2F515190-089A-433E-AE60-A837BCE6BD53}
		{2D0171A1-5DD6-42A5-8FCE-908257EAFBE9} = {2D0171A1-5DD6-42A5-8FCE-908257EAFBE9}
		{0B34F7CF-6295-4243-89E9-F5BB5933FDCA} = {0B34F7CF-6295-4243-89E9-F5BB5933FDCA}
		{DC73A9E2-DE6D-476D-A36B-1F9BE152E5A6} = {DC73A9E2-DE6D-476D-A36B-1F9BE152E5A6}
	EndProjectSection
EndProject
Project("{8BC9CEB8-8B4A-11D0-8D11-00A0C91BC942}") = "compiler", "compiler\compiler.vcxproj", "{6AA9B650-648F-426A-82BF-AE180FEBFF4C}"
	ProjectSection(ProjectDependencies) = postProject
		{8E77B61E-97DD-4D11-8C81-8009C534F38A} = {8E77B61E-97DD-4D11-8C81-8009C534F38A}
		{AC9F303E-D58B-4C7F-BCD7-A309BAE5E60C} = {AC9F303E-D58B-4C7F-BCD7-A309BAE5E60C}
		{832C864C-F397-4F8E-8C3C-6AF6DC71227E} = {832C864C-F397-4F8E-8C3C-6AF6DC71227E}
		{2F515190-089A-433E-AE60-A837BCE6BD53} = {2F515190-089A-433E-AE60-A837BCE6BD53}
		{2D0171A1-5DD6-42A5-8FCE-908257EAFBE9} = {2D0171A1-5DD6-42A5-8FCE-908257EAFBE9}
		{0B34F7CF-6295-4243-89E9-F5BB5933FDCA} = {0B34F7CF-6295-4243-89E9-F5BB5933FDCA}
		{DC73A9E2-DE6D-476D-A36B-1F9BE152E5A6} = {DC73A9E2-DE6D-476D-A36B-1F9BE152E5A6}
	EndProjectSection
EndProject
Project("{8BC9CEB8-8B4A-11D0-8D11-00A0C91BC942}") = "cminor", "cminor\cminor.vcxproj", "{1B19706C-A17E-45AC-B14B-300C0DE6A3EE}"
	ProjectSection(ProjectDependencies) = postProject
		{8E77B61E-97DD-4D11-8C81-8009C534F38A} = {8E77B61E-97DD-4D11-8C81-8009C534F38A}
		{AC9F303E-D58B-4C7F-BCD7-A309BAE5E60C} = {AC9F303E-D58B-4C7F-BCD7-A309BAE5E60C}
		{832C864C-F397-4F8E-8C3C-6AF6DC71227E} = {832C864C-F397-4F8E-8C3C-6AF6DC71227E}
		{6AA9B650-648F-426A-82BF-AE180FEBFF4C} = {6AA9B650-648F-426A-82BF-AE180FEBFF4C}
		{40DEEB5E-8946-4283-8898-2DE424572406} = {40DEEB5E-8946-4283-8898-2DE424572406}
		{0C4CAC6B-0733-4194-8FB0-C30E11A79A5E} = {0C4CAC6B-0733-4194-8FB0-C30E11A79A5E}
		{2F515190-089A-433E-AE60-A837BCE6BD53} = {2F515190-089A-433E-AE60-A837BCE6BD53}
		{2D0171A1-5DD6-42A5-8FCE-908257EAFBE9} = {2D0171A1-5DD6-42A5-8FCE-908257EAFBE9}
		{0B34F7CF-6295-4243-89E9-F5BB5933FDCA} = {0B34F7CF-6295-4243-89E9-F5BB5933FDCA}
		{DC73A9E2-DE6D-476D-A36B-1F9BE152E5A6} = {DC73A9E2-DE6D-476D-A36B-1F9BE152E5A6}
		{8987BCE5-A0A7-4DD0-948A-36F8D53B24A1} = {8987BCE5-A0A7-4DD0-948A-36F8D53B24A1}
	EndProjectSection
EndProject
Project("{8BC9CEB8-8B4A-11D0-8D11-00A0C91BC942}") = "binder", "binder\binder.vcxproj", "{8E77B61E-97DD-4D11-8C81-8009C534F38A}"
	ProjectSection(ProjectDependencies) = postProject
		{AC9F303E-D58B-4C7F-BCD7-A309BAE5E60C} = {AC9F303E-D58B-4C7F-BCD7-A309BAE5E60C}
		{2F515190-089A-433E-AE60-A837BCE6BD53} = {2F515190-089A-433E-AE60-A837BCE6BD53}
		{0B34F7CF-6295-4243-89E9-F5BB5933FDCA} = {0B34F7CF-6295-4243-89E9-F5BB5933FDCA}
		{DC73A9E2-DE6D-476D-A36B-1F9BE152E5A6} = {DC73A9E2-DE6D-476D-A36B-1F9BE152E5A6}
	EndProjectSection
EndProject
Project("{8BC9CEB8-8B4A-11D0-8D11-00A0C91BC942}") = "emitter", "emitter\emitter.vcxproj", "{2D0171A1-5DD6-42A5-8FCE-908257EAFBE9}"
	ProjectSection(ProjectDependencies) = postProject
		{8E77B61E-97DD-4D11-8C81-8009C534F38A} = {8E77B61E-97DD-4D11-8C81-8009C534F38A}
		{AC9F303E-D58B-4C7F-BCD7-A309BAE5E60C} = {AC9F303E-D58B-4C7F-BCD7-A309BAE5E60C}
		{2F515190-089A-433E-AE60-A837BCE6BD53} = {2F515190-089A-433E-AE60-A837BCE6BD53}
		{0B34F7CF-6295-4243-89E9-F5BB5933FDCA} = {0B34F7CF-6295-4243-89E9-F5BB5933FDCA}
		{DC73A9E2-DE6D-476D-A36B-1F9BE152E5A6} = {DC73A9E2-DE6D-476D-A36B-1F9BE152E5A6}
	EndProjectSection
EndProject
Project("{8BC9CEB8-8B4A-11D0-8D11-00A0C91BC942}") = "dump", "dump\dump.vcxproj", "{0C4CAC6B-0733-4194-8FB0-C30E11A79A5E}"
	ProjectSection(ProjectDependencies) = postProject
		{AC9F303E-D58B-4C7F-BCD7-A309BAE5E60C} = {AC9F303E-D58B-4C7F-BCD7-A309BAE5E60C}
		{2F515190-089A-433E-AE60-A837BCE6BD53} = {2F515190-089A-433E-AE60-A837BCE6BD53}
		{0B34F7CF-6295-4243-89E9-F5BB5933FDCA} = {0B34F7CF-6295-4243-89E9-F5BB5933FDCA}
		{DC73A9E2-DE6D-476D-A36B-1F9BE152E5A6} = {DC73A9E2-DE6D-476D-A36B-1F9BE152E5A6}
	EndProjectSection
EndProject
Project("{8BC9CEB8-8B4A-11D0-8D11-00A0C91BC942}") = "vmlib", "vmlib\vmlib.vcxproj", "{D8CA858E-F337-46E6-B22C-02E7E82B1CF1}"
	ProjectSection(ProjectDependencies) = postProject
		{8E77B61E-97DD-4D11-8C81-8009C534F38A} = {8E77B61E-97DD-4D11-8C81-8009C534F38A}
		{AC9F303E-D58B-4C7F-BCD7-A309BAE5E60C} = {AC9F303E-D58B-4C7F-BCD7-A309BAE5E60C}
		{832C864C-F397-4F8E-8C3C-6AF6DC71227E} = {832C864C-F397-4F8E-8C3C-6AF6DC71227E}
		{2F515190-089A-433E-AE60-A837BCE6BD53} = {2F515190-089A-433E-AE60-A837BCE6BD53}
		{0B34F7CF-6295-4243-89E9-F5BB5933FDCA} = {0B34F7CF-6295-4243-89E9-F5BB5933FDCA}
		{DC73A9E2-DE6D-476D-A36B-1F9BE152E5A6} = {DC73A9E2-DE6D-476D-A36B-1F9BE152E5A6}
	EndProjectSection
EndProject
Project("{8BC9CEB8-8B4A-11D0-8D11-00A0C91BC942}") = "db", "db\db.vcxproj", "{0D9DED13-F0AD-43FD-B5CE-B825015D498E}"
	ProjectSection(ProjectDependencies) = postProject
		{8E77B61E-97DD-4D11-8C81-8009C534F38A} = {8E77B61E-97DD-4D11-8C81-8009C534F38A}
		{AC9F303E-D58B-4C7F-BCD7-A309BAE5E60C} = {AC9F303E-D58B-4C7F-BCD7-A309BAE5E60C}
		{832C864C-F397-4F8E-8C3C-6AF6DC71227E} = {832C864C-F397-4F8E-8C3C-6AF6DC71227E}
		{D8CA858E-F337-46E6-B22C-02E7E82B1CF1} = {D8CA858E-F337-46E6-B22C-02E7E82B1CF1}
		{2F515190-089A-433E-AE60-A837BCE6BD53} = {2F515190-089A-433E-AE60-A837BCE6BD53}
		{0B34F7CF-6295-4243-89E9-F5BB5933FDCA} = {0B34F7CF-6295-4243-89E9-F5BB5933FDCA}
		{DC73A9E2-DE6D-476D-A36B-1F9BE152E5A6} = {DC73A9E2-DE6D-476D-A36B-1F9BE152E5A6}
	EndProjectSection
EndProject
Project("{8BC9CEB8-8B4A-11D0-8D11-00A0C91BC942}") = "pl", "pl\pl.vcxproj", "{17BBAF37-A9FB-43B0-8225-A860E60BB72C}"
	ProjectSection(ProjectDependencies) = postProject
		{C8EB78BD-B6FC-4935-9F5C-9BEADD4A1187} = {C8EB78BD-B6FC-4935-9F5C-9BEADD4A1187}
		{DC73A9E2-DE6D-476D-A36B-1F9BE152E5A6} = {DC73A9E2-DE6D-476D-A36B-1F9BE152E5A6}
	EndProjectSection
EndProject
Project("{8BC9CEB8-8B4A-11D0-8D11-00A0C91BC942}") = "pom", "pom\pom.vcxproj", "{C8EB78BD-B6FC-4935-9F5C-9BEADD4A1187}"
	ProjectSection(ProjectDependencies) = postProject
		{DC73A9E2-DE6D-476D-A36B-1F9BE152E5A6} = {DC73A9E2-DE6D-476D-A36B-1F9BE152E5A6}
	EndProjectSection
EndProject
Project("{8BC9CEB8-8B4A-11D0-8D11-00A0C91BC942}") = "cpgsyntax", "cpg\cpgsyntax\cpgsyntax.vcxproj", "{14F60A3E-6AFB-4723-BB2B-DBA908FF4753}"
	ProjectSection(ProjectDependencies) = postProject
		{17BBAF37-A9FB-43B0-8225-A860E60BB72C} = {17BBAF37-A9FB-43B0-8225-A860E60BB72C}
		{9640F77F-E7DE-4FCA-9C39-024BF18F0CAF} = {9640F77F-E7DE-4FCA-9C39-024BF18F0CAF}
		{C8EB78BD-B6FC-4935-9F5C-9BEADD4A1187} = {C8EB78BD-B6FC-4935-9F5C-9BEADD4A1187}
		{DC73A9E2-DE6D-476D-A36B-1F9BE152E5A6} = {DC73A9E2-DE6D-476D-A36B-1F9BE152E5A6}
	EndProjectSection
EndProject
Project("{8BC9CEB8-8B4A-11D0-8D11-00A0C91BC942}") = "cpgcpp", "cpg\cpgcpp\cpgcpp.vcxproj", "{9640F77F-E7DE-4FCA-9C39-024BF18F0CAF}"
	ProjectSection(ProjectDependencies) = postProject
		{17BBAF37-A9FB-43B0-8225-A860E60BB72C} = {17BBAF37-A9FB-43B0-8225-A860E60BB72C}
		{C8EB78BD-B6FC-4935-9F5C-9BEADD4A1187} = {C8EB78BD-B6FC-4935-9F5C-9BEADD4A1187}
		{DC73A9E2-DE6D-476D-A36B-1F9BE152E5A6} = {DC73A9E2-DE6D-476D-A36B-1F9BE152E5A6}
	EndProjectSection
EndProject
Project("{8BC9CEB8-8B4A-11D0-8D11-00A0C91BC942}") = "cpg", "cpg\cpg\cpg.vcxproj", "{85B3C3FA-80EC-45D1-AA6D-78E3836F6BA3}"
	ProjectSection(ProjectDependencies) = postProject
		{17BBAF37-A9FB-43B0-8225-A860E60BB72C} = {17BBAF37-A9FB-43B0-8225-A860E60BB72C}
		{14F60A3E-6AFB-4723-BB2B-DBA908FF4753} = {14F60A3E-6AFB-4723-BB2B-DBA908FF4753}
		{9640F77F-E7DE-4FCA-9C39-024BF18F0CAF} = {9640F77F-E7DE-4FCA-9C39-024BF18F0CAF}
		{C8EB78BD-B6FC-4935-9F5C-9BEADD4A1187} = {C8EB78BD-B6FC-4935-9F5C-9BEADD4A1187}
		{DC73A9E2-DE6D-476D-A36B-1F9BE152E5A6} = {DC73A9E2-DE6D-476D-A36B-1F9BE152E5A6}
	EndProjectSection
EndProject
Project("{8BC9CEB8-8B4A-11D0-8D11-00A0C91BC942}") = "cminor2html", "cminor2html\cminor2html.vcxproj", "{BDE06C0C-1E37-4C85-954B-04B9CA160201}"
	ProjectSection(ProjectDependencies) = postProject
		{17BBAF37-A9FB-43B0-8225-A860E60BB72C} = {17BBAF37-A9FB-43B0-8225-A860E60BB72C}
		{AC9F303E-D58B-4C7F-BCD7-A309BAE5E60C} = {AC9F303E-D58B-4C7F-BCD7-A309BAE5E60C}
		{C8EB78BD-B6FC-4935-9F5C-9BEADD4A1187} = {C8EB78BD-B6FC-4935-9F5C-9BEADD4A1187}
		{0B34F7CF-6295-4243-89E9-F5BB5933FDCA} = {0B34F7CF-6295-4243-89E9-F5BB5933FDCA}
		{DC73A9E2-DE6D-476D-A36B-1F9BE152E5A6} = {DC73A9E2-DE6D-476D-A36B-1F9BE152E5A6}
	EndProjectSection
EndProject
Project("{2150E333-8FDC-42A3-9474-1A3956D46DE8}") = "Solution Items", "Solution Items", "{B01F9949-6EC7-41E3-81BE-64960FB51979}"
	ProjectSection(SolutionItems) = preProject
		Performance1.psess = Performance1.psess
	EndProjectSection
EndProject
Global
	GlobalSection(Performance) = preSolution
		HasPerformanceSessions = true
	EndGlobalSection
	GlobalSection(SolutionConfigurationPlatforms) = preSolution
		Debug|x64 = Debug|x64
		Debug|x86 = Debug|x86
		Release|x64 = Release|x64
		Release|x86 = Release|x86
	EndGlobalSection
	GlobalSection(ProjectConfigurationPlatforms) = postSolution
		{DC73A9E2-DE6D-476D-A36B-1F9BE152E5A6}.Debug|x64.ActiveCfg = Debug|x64
		{DC73A9E2-DE6D-476D-A36B-1F9BE152E5A6}.Debug|x64.Build.0 = Debug|x64
		{DC73A9E2-DE6D-476D-A36B-1F9BE152E5A6}.Debug|x86.ActiveCfg = Debug|Win32
		{DC73A9E2-DE6D-476D-A36B-1F9BE152E5A6}.Debug|x86.Build.0 = Debug|Win32
		{DC73A9E2-DE6D-476D-A36B-1F9BE152E5A6}.Release|x64.ActiveCfg = Release|x64
		{DC73A9E2-DE6D-476D-A36B-1F9BE152E5A6}.Release|x64.Build.0 = Release|x64
		{DC73A9E2-DE6D-476D-A36B-1F9BE152E5A6}.Release|x86.ActiveCfg = Release|Win32
		{DC73A9E2-DE6D-476D-A36B-1F9BE152E5A6}.Release|x86.Build.0 = Release|Win32
		{AC9F303E-D58B-4C7F-BCD7-A309BAE5E60C}.Debug|x64.ActiveCfg = Debug|x64
		{AC9F303E-D58B-4C7F-BCD7-A309BAE5E60C}.Debug|x64.Build.0 = Debug|x64
		{AC9F303E-D58B-4C7F-BCD7-A309BAE5E60C}.Debug|x86.ActiveCfg = Debug|Win32
		{AC9F303E-D58B-4C7F-BCD7-A309BAE5E60C}.Debug|x86.Build.0 = Debug|Win32
		{AC9F303E-D58B-4C7F-BCD7-A309BAE5E60C}.Release|x64.ActiveCfg = Release|x64
		{AC9F303E-D58B-4C7F-BCD7-A309BAE5E60C}.Release|x64.Build.0 = Release|x64
		{AC9F303E-D58B-4C7F-BCD7-A309BAE5E60C}.Release|x86.ActiveCfg = Release|Win32
		{AC9F303E-D58B-4C7F-BCD7-A309BAE5E60C}.Release|x86.Build.0 = Release|Win32
		{0B34F7CF-6295-4243-89E9-F5BB5933FDCA}.Debug|x64.ActiveCfg = Debug|x64
		{0B34F7CF-6295-4243-89E9-F5BB5933FDCA}.Debug|x64.Build.0 = Debug|x64
		{0B34F7CF-6295-4243-89E9-F5BB5933FDCA}.Debug|x86.ActiveCfg = Debug|Win32
		{0B34F7CF-6295-4243-89E9-F5BB5933FDCA}.Debug|x86.Build.0 = Debug|Win32
		{0B34F7CF-6295-4243-89E9-F5BB5933FDCA}.Release|x64.ActiveCfg = Release|x64
		{0B34F7CF-6295-4243-89E9-F5BB5933FDCA}.Release|x64.Build.0 = Release|x64
		{0B34F7CF-6295-4243-89E9-F5BB5933FDCA}.Release|x86.ActiveCfg = Release|Win32
		{0B34F7CF-6295-4243-89E9-F5BB5933FDCA}.Release|x86.Build.0 = Release|Win32
		{40DEEB5E-8946-4283-8898-2DE424572406}.Debug|x64.ActiveCfg = Debug|x64
		{40DEEB5E-8946-4283-8898-2DE424572406}.Debug|x64.Build.0 = Debug|x64
		{40DEEB5E-8946-4283-8898-2DE424572406}.Debug|x86.ActiveCfg = Debug|Win32
		{40DEEB5E-8946-4283-8898-2DE424572406}.Debug|x86.Build.0 = Debug|Win32
		{40DEEB5E-8946-4283-8898-2DE424572406}.Release|x64.ActiveCfg = Release|x64
		{40DEEB5E-8946-4283-8898-2DE424572406}.Release|x64.Build.0 = Release|x64
		{40DEEB5E-8946-4283-8898-2DE424572406}.Release|x86.ActiveCfg = Release|Win32
		{40DEEB5E-8946-4283-8898-2DE424572406}.Release|x86.Build.0 = Release|Win32
		{8987BCE5-A0A7-4DD0-948A-36F8D53B24A1}.Debug|x64.ActiveCfg = Debug|x64
		{8987BCE5-A0A7-4DD0-948A-36F8D53B24A1}.Debug|x64.Build.0 = Debug|x64
		{8987BCE5-A0A7-4DD0-948A-36F8D53B24A1}.Debug|x86.ActiveCfg = Debug|Win32
		{8987BCE5-A0A7-4DD0-948A-36F8D53B24A1}.Debug|x86.Build.0 = Debug|Win32
		{8987BCE5-A0A7-4DD0-948A-36F8D53B24A1}.Release|x64.ActiveCfg = Release|x64
		{8987BCE5-A0A7-4DD0-948A-36F8D53B24A1}.Release|x64.Build.0 = Release|x64
		{8987BCE5-A0A7-4DD0-948A-36F8D53B24A1}.Release|x86.ActiveCfg = Release|Win32
		{8987BCE5-A0A7-4DD0-948A-36F8D53B24A1}.Release|x86.Build.0 = Release|Win32
		{2F515190-089A-433E-AE60-A837BCE6BD53}.Debug|x64.ActiveCfg = Debug|x64
		{2F515190-089A-433E-AE60-A837BCE6BD53}.Debug|x64.Build.0 = Debug|x64
		{2F515190-089A-433E-AE60-A837BCE6BD53}.Debug|x86.ActiveCfg = Debug|Win32
		{2F515190-089A-433E-AE60-A837BCE6BD53}.Debug|x86.Build.0 = Debug|Win32
		{2F515190-089A-433E-AE60-A837BCE6BD53}.Release|x64.ActiveCfg = Release|x64
		{2F515190-089A-433E-AE60-A837BCE6BD53}.Release|x64.Build.0 = Release|x64
		{2F515190-089A-433E-AE60-A837BCE6BD53}.Release|x86.ActiveCfg = Release|Win32
		{2F515190-089A-433E-AE60-A837BCE6BD53}.Release|x86.Build.0 = Release|Win32
		{832C864C-F397-4F8E-8C3C-6AF6DC71227E}.Debug|x64.ActiveCfg = Debug|x64
		{832C864C-F397-4F8E-8C3C-6AF6DC71227E}.Debug|x64.Build.0 = Debug|x64
		{832C864C-F397-4F8E-8C3C-6AF6DC71227E}.Debug|x86.ActiveCfg = Debug|Win32
		{832C864C-F397-4F8E-8C3C-6AF6DC71227E}.Debug|x86.Build.0 = Debug|Win32
		{832C864C-F397-4F8E-8C3C-6AF6DC71227E}.Release|x64.ActiveCfg = Release|x64
		{832C864C-F397-4F8E-8C3C-6AF6DC71227E}.Release|x64.Build.0 = Release|x64
		{832C864C-F397-4F8E-8C3C-6AF6DC71227E}.Release|x86.ActiveCfg = Release|Win32
		{832C864C-F397-4F8E-8C3C-6AF6DC71227E}.Release|x86.Build.0 = Release|Win32
		{6AA9B650-648F-426A-82BF-AE180FEBFF4C}.Debug|x64.ActiveCfg = Debug|x64
		{6AA9B650-648F-426A-82BF-AE180FEBFF4C}.Debug|x64.Build.0 = Debug|x64
		{6AA9B650-648F-426A-82BF-AE180FEBFF4C}.Debug|x86.ActiveCfg = Debug|Win32
		{6AA9B650-648F-426A-82BF-AE180FEBFF4C}.Debug|x86.Build.0 = Debug|Win32
		{6AA9B650-648F-426A-82BF-AE180FEBFF4C}.Release|x64.ActiveCfg = Release|x64
		{6AA9B650-648F-426A-82BF-AE180FEBFF4C}.Release|x64.Build.0 = Release|x64
		{6AA9B650-648F-426A-82BF-AE180FEBFF4C}.Release|x86.ActiveCfg = Release|Win32
		{6AA9B650-648F-426A-82BF-AE180FEBFF4C}.Release|x86.Build.0 = Release|Win32
		{1B19706C-A17E-45AC-B14B-300C0DE6A3EE}.Debug|x64.ActiveCfg = Debug|x64
		{1B19706C-A17E-45AC-B14B-300C0DE6A3EE}.Debug|x64.Build.0 = Debug|x64
		{1B19706C-A17E-45AC-B14B-300C0DE6A3EE}.Debug|x86.ActiveCfg = Debug|Win32
		{1B19706C-A17E-45AC-B14B-300C0DE6A3EE}.Debug|x86.Build.0 = Debug|Win32
		{1B19706C-A17E-45AC-B14B-300C0DE6A3EE}.Release|x64.ActiveCfg = Release|x64
		{1B19706C-A17E-45AC-B14B-300C0DE6A3EE}.Release|x64.Build.0 = Release|x64
		{1B19706C-A17E-45AC-B14B-300C0DE6A3EE}.Release|x86.ActiveCfg = Release|Win32
		{1B19706C-A17E-45AC-B14B-300C0DE6A3EE}.Release|x86.Build.0 = Release|Win32
		{8E77B61E-97DD-4D11-8C81-8009C534F38A}.Debug|x64.ActiveCfg = Debug|x64
		{8E77B61E-97DD-4D11-8C81-8009C534F38A}.Debug|x64.Build.0 = Debug|x64
		{8E77B61E-97DD-4D11-8C81-8009C534F38A}.Debug|x86.ActiveCfg = Debug|Win32
		{8E77B61E-97DD-4D11-8C81-8009C534F38A}.Debug|x86.Build.0 = Debug|Win32
		{8E77B61E-97DD-4D11-8C81-8009C534F38A}.Release|x64.ActiveCfg = Release|x64
		{8E77B61E-97DD-4D11-8C81-8009C534F38A}.Release|x64.Build.0 = Release|x64
		{8E77B61E-97DD-4D11-8C81-8009C534F38A}.Release|x86.ActiveCfg = Release|Win32
		{8E77B61E-97DD-4D11-8C81-8009C534F38A}.Release|x86.Build.0 = Release|Win32
		{2D0171A1-5DD6-42A5-8FCE-908257EAFBE9}.Debug|x64.ActiveCfg = Debug|x64
		{2D0171A1-5DD6-42A5-8FCE-908257EAFBE9}.Debug|x64.Build.0 = Debug|x64
		{2D0171A1-5DD6-42A5-8FCE-908257EAFBE9}.Debug|x86.ActiveCfg = Debug|Win32
		{2D0171A1-5DD6-42A5-8FCE-908257EAFBE9}.Debug|x86.Build.0 = Debug|Win32
		{2D0171A1-5DD6-42A5-8FCE-908257EAFBE9}.Release|x64.ActiveCfg = Release|x64
		{2D0171A1-5DD6-42A5-8FCE-908257EAFBE9}.Release|x64.Build.0 = Release|x64
		{2D0171A1-5DD6-42A5-8FCE-908257EAFBE9}.Release|x86.ActiveCfg = Release|Win32
		{2D0171A1-5DD6-42A5-8FCE-908257EAFBE9}.Release|x86.Build.0 = Release|Win32
		{0C4CAC6B-0733-4194-8FB0-C30E11A79A5E}.Debug|x64.ActiveCfg = Debug|x64
		{0C4CAC6B-0733-4194-8FB0-C30E11A79A5E}.Debug|x64.Build.0 = Debug|x64
		{0C4CAC6B-0733-4194-8FB0-C30E11A79A5E}.Debug|x86.ActiveCfg = Debug|Win32
		{0C4CAC6B-0733-4194-8FB0-C30E11A79A5E}.Debug|x86.Build.0 = Debug|Win32
		{0C4CAC6B-0733-4194-8FB0-C30E11A79A5E}.Release|x64.ActiveCfg = Release|x64
		{0C4CAC6B-0733-4194-8FB0-C30E11A79A5E}.Release|x64.Build.0 = Release|x64
		{0C4CAC6B-0733-4194-8FB0-C30E11A79A5E}.Release|x86.ActiveCfg = Release|Win32
		{0C4CAC6B-0733-4194-8FB0-C30E11A79A5E}.Release|x86.Build.0 = Release|Win32
		{D8CA858E-F337-46E6-B22C-02E7E82B1CF1}.Debug|x64.ActiveCfg = Debug|x64
		{D8CA858E-F337-46E6-B22C-02E7E82B1CF1}.Debug|x64.Build.0 = Debug|x64
		{D8CA858E-F337-46E6-B22C-02E7E82B1CF1}.Debug|x86.ActiveCfg = Debug|Win32
		{D8CA858E-F337-46E6-B22C-02E7E82B1CF1}.Debug|x86.Build.0 = Debug|Win32
		{D8CA858E-F337-46E6-B22C-02E7E82B1CF1}.Release|x64.ActiveCfg = Release|x64
		{D8CA858E-F337-46E6-B22C-02E7E82B1CF1}.Release|x64.Build.0 = Release|x64
		{D8CA858E-F337-46E6-B22C-02E7E82B1CF1}.Release|x86.ActiveCfg = Release|Win32
		{D8CA858E-F337-46E6-B22C-02E7E82B1CF1}.Release|x86.Build.0 = Release|Win32
		{0D9DED13-F0AD-43FD-B5CE-B825015D498E}.Debug|x64.ActiveCfg = Debug|x64
		{0D9DED13-F0AD-43FD-B5CE-B825015D498E}.Debug|x64.Build.0 = Debug|x64
		{0D9DED13-F0AD-43FD-B5CE-B825015D498E}.Debug|x86.ActiveCfg = Debug|Win32
		{0D9DED13-F0AD-43FD-B5CE-B825015D498E}.Debug|x86.Build.0 = Debug|Win32
		{0D9DED13-F0AD-43FD-B5CE-B825015D498E}.Release|x64.ActiveCfg = Release|x64
		{0D9DED13-F0AD-43FD-B5CE-B825015D498E}.Release|x64.Build.0 = Release|x64
		{0D9DED13-F0AD-43FD-B5CE-B825015D498E}.Release|x86.ActiveCfg = Release|Win32
		{0D9DED13-F0AD-43FD-B5CE-B825015D498E}.Release|x86.Build.0 = Release|Win32
		{17BBAF37-A9FB-43B0-8225-A860E60BB72C}.Debug|x64.ActiveCfg = Debug|x64
		{17BBAF37-A9FB-43B0-8225-A860E60BB72C}.Debug|x64.Build.0 = Debug|x64
		{17BBAF37-A9FB-43B0-8225-A860E60BB72C}.Debug|x86.ActiveCfg = Debug|Win32
		{17BBAF37-A9FB-43B0-8225-A860E60BB72C}.Debug|x86.Build.0 = Debug|Win32
		{17BBAF37-A9FB-43B0-8225-A860E60BB72C}.Release|x64.ActiveCfg = Release|x64
		{17BBAF37-A9FB-43B0-8225-A860E60BB72C}.Release|x64.Build.0 = Release|x64
		{17BBAF37-A9FB-43B0-8225-A860E60BB72C}.Release|x86.ActiveCfg = Release|Win32
		{17BBAF37-A9FB-43B0-8225-A860E60BB72C}.Release|x86.Build.0 = Release|Win32
		{C8EB78BD-B6FC-4935-9F5C-9BEADD4A1187}.Debug|x64.ActiveCfg = Debug|x64
		{C8EB78BD-B6FC-4935-9F5C-9BEADD4A1187}.Debug|x64.Build.0 = Debug|x64
		{C8EB78BD-B6FC-4935-9F5C-9BEADD4A1187}.Debug|x86.ActiveCfg = Debug|Win32
		{C8EB78BD-B6FC-4935-9F5C-9BEADD4A1187}.Debug|x86.Build.0 = Debug|Win32
		{C8EB78BD-B6FC-4935-9F5C-9BEADD4A1187}.Release|x64.ActiveCfg = Release|x64
		{C8EB78BD-B6FC-4935-9F5C-9BEADD4A1187}.Release|x64.Build.0 = Release|x64
		{C8EB78BD-B6FC-4935-9F5C-9BEADD4A1187}.Release|x86.ActiveCfg = Release|Win32
		{C8EB78BD-B6FC-4935-9F5C-9BEADD4A1187}.Release|x86.Build.0 = Release|Win32
		{14F60A3E-6AFB-4723-BB2B-DBA908FF4753}.Debug|x64.ActiveCfg = Debug|x64
		{14F60A3E-6AFB-4723-BB2B-DBA908FF4753}.Debug|x64.Build.0 = Debug|x64
		{14F60A3E-6AFB-4723-BB2B-DBA908FF4753}.Debug|x86.ActiveCfg = Debug|Win32
		{14F60A3E-6AFB-4723-BB2B-DBA908FF4753}.Debug|x86.Build.0 = Debug|Win32
		{14F60A3E-6AFB-4723-BB2B-DBA908FF4753}.Release|x64.ActiveCfg = Release|x64
		{14F60A3E-6AFB-4723-BB2B-DBA908FF4753}.Release|x64.Build.0 = Release|x64
		{14F60A3E-6AFB-4723-BB2B-DBA908FF4753}.Release|x86.ActiveCfg = Release|Win32
		{14F60A3E-6AFB-4723-BB2B-DBA908FF4753}.Release|x86.Build.0 = Release|Win32
		{9640F77F-E7DE-4FCA-9C39-024BF18F0CAF}.Debug|x64.ActiveCfg = Debug|x64
		{9640F77F-E7DE-4FCA-9C39-024BF18F0CAF}.Debug|x64.Build.0 = Debug|x64
		{9640F77F-E7DE-4FCA-9C39-024BF18F0CAF}.Debug|x86.ActiveCfg = Debug|Win32
		{9640F77F-E7DE-4FCA-9C39-024BF18F0CAF}.Debug|x86.Build.0 = Debug|Win32
		{9640F77F-E7DE-4FCA-9C39-024BF18F0CAF}.Release|x64.ActiveCfg = Release|x64
		{9640F77F-E7DE-4FCA-9C39-024BF18F0CAF}.Release|x64.Build.0 = Release|x64
		{9640F77F-E7DE-4FCA-9C39-024BF18F0CAF}.Release|x86.ActiveCfg = Release|Win32
		{9640F77F-E7DE-4FCA-9C39-024BF18F0CAF}.Release|x86.Build.0 = Release|Win32
		{85B3C3FA-80EC-45D1-AA6D-78E3836F6BA3}.Debug|x64.ActiveCfg = Debug|x64
		{85B3C3FA-80EC-45D1-AA6D-78E3836F6BA3}.Debug|x64.Build.0 = Debug|x64
		{85B3C3FA-80EC-45D1-AA6D-78E3836F6BA3}.Debug|x86.ActiveCfg = Debug|Win32
		{85B3C3FA-80EC-45D1-AA6D-78E3836F6BA3}.Debug|x86.Build.0 = Debug|Win32
		{85B3C3FA-80EC-45D1-AA6D-78E3836F6BA3}.Release|x64.ActiveCfg = Release|x64
		{85B3C3FA-80EC-45D1-AA6D-78E3836F6BA3}.Release|x64.Build.0 = Release|x64
		{85B3C3FA-80EC-45D1-AA6D-78E3836F6BA3}.Release|x86.ActiveCfg = Release|Win32
		{85B3C3FA-80EC-45D1-AA6D-78E3836F6BA3}.Release|x86.Build.0 = Release|Win32
		{BDE06C0C-1E37-4C85-954B-04B9CA160201}.Debug|x64.ActiveCfg = Debug|x64
		{BDE06C0C-1E37-4C85-954B-04B9CA160201}.Debug|x64.Build.0 = Debug|x64
		{BDE06C0C-1E37-4C85-954B-04B9CA160201}.Debug|x86.ActiveCfg = Debug|Win32
		{BDE06C0C-1E37-4C85-954B-04B9CA160201}.Debug|x86.Build.0 = Debug|Win32
		{BDE06C0C-1E37-4C85-954B-04B9CA160201}.Release|x64.ActiveCfg = Release|x64
		{BDE06C0C-1E37-4C85-954B-04B9CA160201}.Release|x64.Build.0 = Release|x64
		{BDE06C0C-1E37-4C85-954B-04B9CA160201}.Release|x86.ActiveCfg = Release|Win32
		{BDE06C0C-1E37-4C85-954B-04B9CA160201}.Release|x86.Build.0 = Release|Win32
	EndGlobalSection
	GlobalSection(SolutionProperties) = preSolution
		HideSolutionNode = FALSE
	EndGlobalSection
EndGlobal
