Microsoft Visual Studio Solution File, Format Version 12.00
# Visual Studio 15
VisualStudioVersion = 15.0.26228.9
MinimumVisualStudioVersion = 10.0.40219.1
Project("{8BC9CEB8-8B4A-11D0-8D11-00A0C91BC942}") = "ast", "ast\ast.vcxproj", "{AC9F303E-D58B-4C7F-BCD7-A309BAE5E60C}"
	ProjectSection(ProjectDependencies) = postProject
		{F7DE9EBE-8650-4FD5-936E-E89932AEE5BB} = {F7DE9EBE-8650-4FD5-936E-E89932AEE5BB}
	EndProjectSection
EndProject
Project("{8BC9CEB8-8B4A-11D0-8D11-00A0C91BC942}") = "parser", "parser\parser.vcxproj", "{0B34F7CF-6295-4243-89E9-F5BB5933FDCA}"
	ProjectSection(ProjectDependencies) = postProject
		{AC9F303E-D58B-4C7F-BCD7-A309BAE5E60C} = {AC9F303E-D58B-4C7F-BCD7-A309BAE5E60C}
		{F7DE9EBE-8650-4FD5-936E-E89932AEE5BB} = {F7DE9EBE-8650-4FD5-936E-E89932AEE5BB}
	EndProjectSection
EndProject
Project("{8BC9CEB8-8B4A-11D0-8D11-00A0C91BC942}") = "buildsys", "buildsys\buildsys.vcxproj", "{8987BCE5-A0A7-4DD0-948A-36F8D53B24A1}"
	ProjectSection(ProjectDependencies) = postProject
		{8E77B61E-97DD-4D11-8C81-8009C534F38A} = {8E77B61E-97DD-4D11-8C81-8009C534F38A}
		{AC9F303E-D58B-4C7F-BCD7-A309BAE5E60C} = {AC9F303E-D58B-4C7F-BCD7-A309BAE5E60C}
		{832C864C-F397-4F8E-8C3C-6AF6DC71227E} = {832C864C-F397-4F8E-8C3C-6AF6DC71227E}
		{2F515190-089A-433E-AE60-A837BCE6BD53} = {2F515190-089A-433E-AE60-A837BCE6BD53}
		{2D0171A1-5DD6-42A5-8FCE-908257EAFBE9} = {2D0171A1-5DD6-42A5-8FCE-908257EAFBE9}
		{F7DE9EBE-8650-4FD5-936E-E89932AEE5BB} = {F7DE9EBE-8650-4FD5-936E-E89932AEE5BB}
		{0B34F7CF-6295-4243-89E9-F5BB5933FDCA} = {0B34F7CF-6295-4243-89E9-F5BB5933FDCA}
	EndProjectSection
EndProject
Project("{8BC9CEB8-8B4A-11D0-8D11-00A0C91BC942}") = "symbols", "symbols\symbols.vcxproj", "{2F515190-089A-433E-AE60-A837BCE6BD53}"
	ProjectSection(ProjectDependencies) = postProject
		{AC9F303E-D58B-4C7F-BCD7-A309BAE5E60C} = {AC9F303E-D58B-4C7F-BCD7-A309BAE5E60C}
		{F7DE9EBE-8650-4FD5-936E-E89932AEE5BB} = {F7DE9EBE-8650-4FD5-936E-E89932AEE5BB}
	EndProjectSection
EndProject
Project("{8BC9CEB8-8B4A-11D0-8D11-00A0C91BC942}") = "build", "build\build.vcxproj", "{832C864C-F397-4F8E-8C3C-6AF6DC71227E}"
	ProjectSection(ProjectDependencies) = postProject
		{8E77B61E-97DD-4D11-8C81-8009C534F38A} = {8E77B61E-97DD-4D11-8C81-8009C534F38A}
		{AC9F303E-D58B-4C7F-BCD7-A309BAE5E60C} = {AC9F303E-D58B-4C7F-BCD7-A309BAE5E60C}
		{2F515190-089A-433E-AE60-A837BCE6BD53} = {2F515190-089A-433E-AE60-A837BCE6BD53}
		{2D0171A1-5DD6-42A5-8FCE-908257EAFBE9} = {2D0171A1-5DD6-42A5-8FCE-908257EAFBE9}
		{F7DE9EBE-8650-4FD5-936E-E89932AEE5BB} = {F7DE9EBE-8650-4FD5-936E-E89932AEE5BB}
		{0B34F7CF-6295-4243-89E9-F5BB5933FDCA} = {0B34F7CF-6295-4243-89E9-F5BB5933FDCA}
	EndProjectSection
EndProject
Project("{8BC9CEB8-8B4A-11D0-8D11-00A0C91BC942}") = "compiler", "compiler\compiler.vcxproj", "{6AA9B650-648F-426A-82BF-AE180FEBFF4C}"
	ProjectSection(ProjectDependencies) = postProject
		{8E77B61E-97DD-4D11-8C81-8009C534F38A} = {8E77B61E-97DD-4D11-8C81-8009C534F38A}
		{AC9F303E-D58B-4C7F-BCD7-A309BAE5E60C} = {AC9F303E-D58B-4C7F-BCD7-A309BAE5E60C}
		{832C864C-F397-4F8E-8C3C-6AF6DC71227E} = {832C864C-F397-4F8E-8C3C-6AF6DC71227E}
		{2F515190-089A-433E-AE60-A837BCE6BD53} = {2F515190-089A-433E-AE60-A837BCE6BD53}
		{2D0171A1-5DD6-42A5-8FCE-908257EAFBE9} = {2D0171A1-5DD6-42A5-8FCE-908257EAFBE9}
		{F7DE9EBE-8650-4FD5-936E-E89932AEE5BB} = {F7DE9EBE-8650-4FD5-936E-E89932AEE5BB}
		{0B34F7CF-6295-4243-89E9-F5BB5933FDCA} = {0B34F7CF-6295-4243-89E9-F5BB5933FDCA}
	EndProjectSection
EndProject
Project("{8BC9CEB8-8B4A-11D0-8D11-00A0C91BC942}") = "cminor", "cminor\cminor.vcxproj", "{1B19706C-A17E-45AC-B14B-300C0DE6A3EE}"
	ProjectSection(ProjectDependencies) = postProject
		{8E77B61E-97DD-4D11-8C81-8009C534F38A} = {8E77B61E-97DD-4D11-8C81-8009C534F38A}
		{AC9F303E-D58B-4C7F-BCD7-A309BAE5E60C} = {AC9F303E-D58B-4C7F-BCD7-A309BAE5E60C}
		{832C864C-F397-4F8E-8C3C-6AF6DC71227E} = {832C864C-F397-4F8E-8C3C-6AF6DC71227E}
		{6AA9B650-648F-426A-82BF-AE180FEBFF4C} = {6AA9B650-648F-426A-82BF-AE180FEBFF4C}
		{0C4CAC6B-0733-4194-8FB0-C30E11A79A5E} = {0C4CAC6B-0733-4194-8FB0-C30E11A79A5E}
		{2F515190-089A-433E-AE60-A837BCE6BD53} = {2F515190-089A-433E-AE60-A837BCE6BD53}
		{2D0171A1-5DD6-42A5-8FCE-908257EAFBE9} = {2D0171A1-5DD6-42A5-8FCE-908257EAFBE9}
		{F7DE9EBE-8650-4FD5-936E-E89932AEE5BB} = {F7DE9EBE-8650-4FD5-936E-E89932AEE5BB}
		{0B34F7CF-6295-4243-89E9-F5BB5933FDCA} = {0B34F7CF-6295-4243-89E9-F5BB5933FDCA}
		{8987BCE5-A0A7-4DD0-948A-36F8D53B24A1} = {8987BCE5-A0A7-4DD0-948A-36F8D53B24A1}
	EndProjectSection
EndProject
Project("{8BC9CEB8-8B4A-11D0-8D11-00A0C91BC942}") = "binder", "binder\binder.vcxproj", "{8E77B61E-97DD-4D11-8C81-8009C534F38A}"
	ProjectSection(ProjectDependencies) = postProject
		{AC9F303E-D58B-4C7F-BCD7-A309BAE5E60C} = {AC9F303E-D58B-4C7F-BCD7-A309BAE5E60C}
		{2F515190-089A-433E-AE60-A837BCE6BD53} = {2F515190-089A-433E-AE60-A837BCE6BD53}
		{F7DE9EBE-8650-4FD5-936E-E89932AEE5BB} = {F7DE9EBE-8650-4FD5-936E-E89932AEE5BB}
		{0B34F7CF-6295-4243-89E9-F5BB5933FDCA} = {0B34F7CF-6295-4243-89E9-F5BB5933FDCA}
	EndProjectSection
EndProject
Project("{8BC9CEB8-8B4A-11D0-8D11-00A0C91BC942}") = "emitter", "emitter\emitter.vcxproj", "{2D0171A1-5DD6-42A5-8FCE-908257EAFBE9}"
	ProjectSection(ProjectDependencies) = postProject
		{8E77B61E-97DD-4D11-8C81-8009C534F38A} = {8E77B61E-97DD-4D11-8C81-8009C534F38A}
		{AC9F303E-D58B-4C7F-BCD7-A309BAE5E60C} = {AC9F303E-D58B-4C7F-BCD7-A309BAE5E60C}
		{2F515190-089A-433E-AE60-A837BCE6BD53} = {2F515190-089A-433E-AE60-A837BCE6BD53}
		{F7DE9EBE-8650-4FD5-936E-E89932AEE5BB} = {F7DE9EBE-8650-4FD5-936E-E89932AEE5BB}
		{0B34F7CF-6295-4243-89E9-F5BB5933FDCA} = {0B34F7CF-6295-4243-89E9-F5BB5933FDCA}
	EndProjectSection
EndProject
Project("{8BC9CEB8-8B4A-11D0-8D11-00A0C91BC942}") = "dump", "dump\dump.vcxproj", "{0C4CAC6B-0733-4194-8FB0-C30E11A79A5E}"
	ProjectSection(ProjectDependencies) = postProject
		{AC9F303E-D58B-4C7F-BCD7-A309BAE5E60C} = {AC9F303E-D58B-4C7F-BCD7-A309BAE5E60C}
		{2F515190-089A-433E-AE60-A837BCE6BD53} = {2F515190-089A-433E-AE60-A837BCE6BD53}
		{F7DE9EBE-8650-4FD5-936E-E89932AEE5BB} = {F7DE9EBE-8650-4FD5-936E-E89932AEE5BB}
		{0B34F7CF-6295-4243-89E9-F5BB5933FDCA} = {0B34F7CF-6295-4243-89E9-F5BB5933FDCA}
	EndProjectSection
EndProject
Project("{8BC9CEB8-8B4A-11D0-8D11-00A0C91BC942}") = "vmlib", "vmlib\vmlib.vcxproj", "{D8CA858E-F337-46E6-B22C-02E7E82B1CF1}"
	ProjectSection(ProjectDependencies) = postProject
		{8E77B61E-97DD-4D11-8C81-8009C534F38A} = {8E77B61E-97DD-4D11-8C81-8009C534F38A}
		{AC9F303E-D58B-4C7F-BCD7-A309BAE5E60C} = {AC9F303E-D58B-4C7F-BCD7-A309BAE5E60C}
		{832C864C-F397-4F8E-8C3C-6AF6DC71227E} = {832C864C-F397-4F8E-8C3C-6AF6DC71227E}
		{2F515190-089A-433E-AE60-A837BCE6BD53} = {2F515190-089A-433E-AE60-A837BCE6BD53}
		{F7DE9EBE-8650-4FD5-936E-E89932AEE5BB} = {F7DE9EBE-8650-4FD5-936E-E89932AEE5BB}
		{0B34F7CF-6295-4243-89E9-F5BB5933FDCA} = {0B34F7CF-6295-4243-89E9-F5BB5933FDCA}
	EndProjectSection
EndProject
Project("{8BC9CEB8-8B4A-11D0-8D11-00A0C91BC942}") = "db", "db\db.vcxproj", "{0D9DED13-F0AD-43FD-B5CE-B825015D498E}"
	ProjectSection(ProjectDependencies) = postProject
		{8E77B61E-97DD-4D11-8C81-8009C534F38A} = {8E77B61E-97DD-4D11-8C81-8009C534F38A}
		{AC9F303E-D58B-4C7F-BCD7-A309BAE5E60C} = {AC9F303E-D58B-4C7F-BCD7-A309BAE5E60C}
		{832C864C-F397-4F8E-8C3C-6AF6DC71227E} = {832C864C-F397-4F8E-8C3C-6AF6DC71227E}
		{D8CA858E-F337-46E6-B22C-02E7E82B1CF1} = {D8CA858E-F337-46E6-B22C-02E7E82B1CF1}
		{2F515190-089A-433E-AE60-A837BCE6BD53} = {2F515190-089A-433E-AE60-A837BCE6BD53}
		{F7DE9EBE-8650-4FD5-936E-E89932AEE5BB} = {F7DE9EBE-8650-4FD5-936E-E89932AEE5BB}
		{0B34F7CF-6295-4243-89E9-F5BB5933FDCA} = {0B34F7CF-6295-4243-89E9-F5BB5933FDCA}
	EndProjectSection
EndProject
Project("{8BC9CEB8-8B4A-11D0-8D11-00A0C91BC942}") = "cminor2html", "cminor2html\cminor2html.vcxproj", "{BDE06C0C-1E37-4C85-954B-04B9CA160201}"
	ProjectSection(ProjectDependencies) = postProject
		{AC9F303E-D58B-4C7F-BCD7-A309BAE5E60C} = {AC9F303E-D58B-4C7F-BCD7-A309BAE5E60C}
		{0B34F7CF-6295-4243-89E9-F5BB5933FDCA} = {0B34F7CF-6295-4243-89E9-F5BB5933FDCA}
	EndProjectSection
EndProject
Project("{2150E333-8FDC-42A3-9474-1A3956D46DE8}") = "Solution Items", "Solution Items", "{B01F9949-6EC7-41E3-81BE-64960FB51979}"
	ProjectSection(SolutionItems) = preProject
		Performance1.psess = Performance1.psess
	EndProjectSection
EndProject
Project("{8BC9CEB8-8B4A-11D0-8D11-00A0C91BC942}") = "vm", "vm\vm.vcxproj", "{F0C6B329-70D4-440F-B826-D091C50723FD}"
	ProjectSection(ProjectDependencies) = postProject
		{D8CA858E-F337-46E6-B22C-02E7E82B1CF1} = {D8CA858E-F337-46E6-B22C-02E7E82B1CF1}
		{2F515190-089A-433E-AE60-A837BCE6BD53} = {2F515190-089A-433E-AE60-A837BCE6BD53}
		{F7DE9EBE-8650-4FD5-936E-E89932AEE5BB} = {F7DE9EBE-8650-4FD5-936E-E89932AEE5BB}
	EndProjectSection
EndProject
Project("{8BC9CEB8-8B4A-11D0-8D11-00A0C91BC942}") = "machine", "machine\machine.vcxproj", "{F7DE9EBE-8650-4FD5-936E-E89932AEE5BB}"
	ProjectSection(ProjectDependencies) = postProject
		{FC503C2F-D3FF-4B3C-8151-67DB5AB31BBC} = {FC503C2F-D3FF-4B3C-8151-67DB5AB31BBC}
		{F3F50878-5022-48B3-9AC7-F8AB04233662} = {F3F50878-5022-48B3-9AC7-F8AB04233662}
		{80ED29CA-6BD7-4D18-B131-6ABCBCF1E9B0} = {80ED29CA-6BD7-4D18-B131-6ABCBCF1E9B0}
	EndProjectSection
EndProject
Project("{8BC9CEB8-8B4A-11D0-8D11-00A0C91BC942}") = "util", "util\util.vcxproj", "{80ED29CA-6BD7-4D18-B131-6ABCBCF1E9B0}"
EndProject
Project("{8BC9CEB8-8B4A-11D0-8D11-00A0C91BC942}") = "rt", "rt\rt.vcxproj", "{56A3C29E-7562-48C0-8EBF-77289AC15DFA}"
EndProject
Project("{8BC9CEB8-8B4A-11D0-8D11-00A0C91BC942}") = "unicode", "unicode\unicode.vcxproj", "{CED0BAAA-AC27-455B-B4B9-C8C467BCF3AF}"
	ProjectSection(ProjectDependencies) = postProject
		{FC503C2F-D3FF-4B3C-8151-67DB5AB31BBC} = {FC503C2F-D3FF-4B3C-8151-67DB5AB31BBC}
		{7C692A35-8A85-4AE4-987A-EBF05E7AAFD8} = {7C692A35-8A85-4AE4-987A-EBF05E7AAFD8}
		{F3F50878-5022-48B3-9AC7-F8AB04233662} = {F3F50878-5022-48B3-9AC7-F8AB04233662}
		{80ED29CA-6BD7-4D18-B131-6ABCBCF1E9B0} = {80ED29CA-6BD7-4D18-B131-6ABCBCF1E9B0}
	EndProjectSection
EndProject
Project("{8BC9CEB8-8B4A-11D0-8D11-00A0C91BC942}") = "codedom", "codedom\codedom.vcxproj", "{FC503C2F-D3FF-4B3C-8151-67DB5AB31BBC}"
	ProjectSection(ProjectDependencies) = postProject
		{80ED29CA-6BD7-4D18-B131-6ABCBCF1E9B0} = {80ED29CA-6BD7-4D18-B131-6ABCBCF1E9B0}
	EndProjectSection
EndProject
Project("{8BC9CEB8-8B4A-11D0-8D11-00A0C91BC942}") = "parsing", "parsing\parsing.vcxproj", "{F3F50878-5022-48B3-9AC7-F8AB04233662}"
	ProjectSection(ProjectDependencies) = postProject
		{FC503C2F-D3FF-4B3C-8151-67DB5AB31BBC} = {FC503C2F-D3FF-4B3C-8151-67DB5AB31BBC}
		{80ED29CA-6BD7-4D18-B131-6ABCBCF1E9B0} = {80ED29CA-6BD7-4D18-B131-6ABCBCF1E9B0}
	EndProjectSection
EndProject
Project("{8BC9CEB8-8B4A-11D0-8D11-00A0C91BC942}") = "code", "code\code.vcxproj", "{34ABCCA2-C15F-4DF5-A937-7486522CC9FC}"
	ProjectSection(ProjectDependencies) = postProject
		{FC503C2F-D3FF-4B3C-8151-67DB5AB31BBC} = {FC503C2F-D3FF-4B3C-8151-67DB5AB31BBC}
		{F3F50878-5022-48B3-9AC7-F8AB04233662} = {F3F50878-5022-48B3-9AC7-F8AB04233662}
		{80ED29CA-6BD7-4D18-B131-6ABCBCF1E9B0} = {80ED29CA-6BD7-4D18-B131-6ABCBCF1E9B0}
	EndProjectSection
EndProject
Project("{8BC9CEB8-8B4A-11D0-8D11-00A0C91BC942}") = "syntax", "syntax\syntax.vcxproj", "{CAF31FC9-77BD-47BE-B1C1-E1A715202352}"
	ProjectSection(ProjectDependencies) = postProject
		{FC503C2F-D3FF-4B3C-8151-67DB5AB31BBC} = {FC503C2F-D3FF-4B3C-8151-67DB5AB31BBC}
		{F3F50878-5022-48B3-9AC7-F8AB04233662} = {F3F50878-5022-48B3-9AC7-F8AB04233662}
		{34ABCCA2-C15F-4DF5-A937-7486522CC9FC} = {34ABCCA2-C15F-4DF5-A937-7486522CC9FC}
		{80ED29CA-6BD7-4D18-B131-6ABCBCF1E9B0} = {80ED29CA-6BD7-4D18-B131-6ABCBCF1E9B0}
	EndProjectSection
EndProject
Project("{8BC9CEB8-8B4A-11D0-8D11-00A0C91BC942}") = "generator", "generator\generator.vcxproj", "{9E4223B6-8C9E-4C76-BA12-AA81FA14CADB}"
	ProjectSection(ProjectDependencies) = postProject
		{FC503C2F-D3FF-4B3C-8151-67DB5AB31BBC} = {FC503C2F-D3FF-4B3C-8151-67DB5AB31BBC}
		{F3F50878-5022-48B3-9AC7-F8AB04233662} = {F3F50878-5022-48B3-9AC7-F8AB04233662}
		{34ABCCA2-C15F-4DF5-A937-7486522CC9FC} = {34ABCCA2-C15F-4DF5-A937-7486522CC9FC}
		{CAF31FC9-77BD-47BE-B1C1-E1A715202352} = {CAF31FC9-77BD-47BE-B1C1-E1A715202352}
		{80ED29CA-6BD7-4D18-B131-6ABCBCF1E9B0} = {80ED29CA-6BD7-4D18-B131-6ABCBCF1E9B0}
	EndProjectSection
EndProject
Project("{8BC9CEB8-8B4A-11D0-8D11-00A0C91BC942}") = "xml", "xml\xml.vcxproj", "{7C692A35-8A85-4AE4-987A-EBF05E7AAFD8}"
	ProjectSection(ProjectDependencies) = postProject
		{FC503C2F-D3FF-4B3C-8151-67DB5AB31BBC} = {FC503C2F-D3FF-4B3C-8151-67DB5AB31BBC}
		{F3F50878-5022-48B3-9AC7-F8AB04233662} = {F3F50878-5022-48B3-9AC7-F8AB04233662}
		{80ED29CA-6BD7-4D18-B131-6ABCBCF1E9B0} = {80ED29CA-6BD7-4D18-B131-6ABCBCF1E9B0}
	EndProjectSection
EndProject
Global
	GlobalSection(SolutionConfigurationPlatforms) = preSolution
		Debug|x64 = Debug|x64
		Debug|x86 = Debug|x86
		MinSizeRel|x64 = MinSizeRel|x64
		MinSizeRel|x86 = MinSizeRel|x86
		Release|x64 = Release|x64
		Release|x86 = Release|x86
		RelWithDebInfo|x64 = RelWithDebInfo|x64
		RelWithDebInfo|x86 = RelWithDebInfo|x86
	EndGlobalSection
	GlobalSection(ProjectConfigurationPlatforms) = postSolution
		{AC9F303E-D58B-4C7F-BCD7-A309BAE5E60C}.Debug|x64.ActiveCfg = Debug|x64
		{AC9F303E-D58B-4C7F-BCD7-A309BAE5E60C}.Debug|x64.Build.0 = Debug|x64
		{AC9F303E-D58B-4C7F-BCD7-A309BAE5E60C}.Debug|x86.ActiveCfg = Debug|Win32
		{AC9F303E-D58B-4C7F-BCD7-A309BAE5E60C}.Debug|x86.Build.0 = Debug|Win32
		{AC9F303E-D58B-4C7F-BCD7-A309BAE5E60C}.MinSizeRel|x64.ActiveCfg = Release|x64
		{AC9F303E-D58B-4C7F-BCD7-A309BAE5E60C}.MinSizeRel|x64.Build.0 = Release|x64
		{AC9F303E-D58B-4C7F-BCD7-A309BAE5E60C}.MinSizeRel|x86.ActiveCfg = Release|Win32
		{AC9F303E-D58B-4C7F-BCD7-A309BAE5E60C}.MinSizeRel|x86.Build.0 = Release|Win32
		{AC9F303E-D58B-4C7F-BCD7-A309BAE5E60C}.Release|x64.ActiveCfg = Release|x64
		{AC9F303E-D58B-4C7F-BCD7-A309BAE5E60C}.Release|x64.Build.0 = Release|x64
		{AC9F303E-D58B-4C7F-BCD7-A309BAE5E60C}.Release|x86.ActiveCfg = Release|Win32
		{AC9F303E-D58B-4C7F-BCD7-A309BAE5E60C}.Release|x86.Build.0 = Release|Win32
		{AC9F303E-D58B-4C7F-BCD7-A309BAE5E60C}.RelWithDebInfo|x64.ActiveCfg = Release|x64
		{AC9F303E-D58B-4C7F-BCD7-A309BAE5E60C}.RelWithDebInfo|x64.Build.0 = Release|x64
		{AC9F303E-D58B-4C7F-BCD7-A309BAE5E60C}.RelWithDebInfo|x86.ActiveCfg = Release|Win32
		{AC9F303E-D58B-4C7F-BCD7-A309BAE5E60C}.RelWithDebInfo|x86.Build.0 = Release|Win32
		{0B34F7CF-6295-4243-89E9-F5BB5933FDCA}.Debug|x64.ActiveCfg = Debug|x64
		{0B34F7CF-6295-4243-89E9-F5BB5933FDCA}.Debug|x64.Build.0 = Debug|x64
		{0B34F7CF-6295-4243-89E9-F5BB5933FDCA}.Debug|x86.ActiveCfg = Debug|Win32
		{0B34F7CF-6295-4243-89E9-F5BB5933FDCA}.Debug|x86.Build.0 = Debug|Win32
		{0B34F7CF-6295-4243-89E9-F5BB5933FDCA}.MinSizeRel|x64.ActiveCfg = Release|x64
		{0B34F7CF-6295-4243-89E9-F5BB5933FDCA}.MinSizeRel|x64.Build.0 = Release|x64
		{0B34F7CF-6295-4243-89E9-F5BB5933FDCA}.MinSizeRel|x86.ActiveCfg = Release|Win32
		{0B34F7CF-6295-4243-89E9-F5BB5933FDCA}.MinSizeRel|x86.Build.0 = Release|Win32
		{0B34F7CF-6295-4243-89E9-F5BB5933FDCA}.Release|x64.ActiveCfg = Release|x64
		{0B34F7CF-6295-4243-89E9-F5BB5933FDCA}.Release|x64.Build.0 = Release|x64
		{0B34F7CF-6295-4243-89E9-F5BB5933FDCA}.Release|x86.ActiveCfg = Release|Win32
		{0B34F7CF-6295-4243-89E9-F5BB5933FDCA}.Release|x86.Build.0 = Release|Win32
		{0B34F7CF-6295-4243-89E9-F5BB5933FDCA}.RelWithDebInfo|x64.ActiveCfg = Release|x64
		{0B34F7CF-6295-4243-89E9-F5BB5933FDCA}.RelWithDebInfo|x64.Build.0 = Release|x64
		{0B34F7CF-6295-4243-89E9-F5BB5933FDCA}.RelWithDebInfo|x86.ActiveCfg = Release|Win32
		{0B34F7CF-6295-4243-89E9-F5BB5933FDCA}.RelWithDebInfo|x86.Build.0 = Release|Win32
		{8987BCE5-A0A7-4DD0-948A-36F8D53B24A1}.Debug|x64.ActiveCfg = Debug|x64
		{8987BCE5-A0A7-4DD0-948A-36F8D53B24A1}.Debug|x64.Build.0 = Debug|x64
		{8987BCE5-A0A7-4DD0-948A-36F8D53B24A1}.Debug|x86.ActiveCfg = Debug|Win32
		{8987BCE5-A0A7-4DD0-948A-36F8D53B24A1}.Debug|x86.Build.0 = Debug|Win32
		{8987BCE5-A0A7-4DD0-948A-36F8D53B24A1}.MinSizeRel|x64.ActiveCfg = Release|x64
		{8987BCE5-A0A7-4DD0-948A-36F8D53B24A1}.MinSizeRel|x64.Build.0 = Release|x64
		{8987BCE5-A0A7-4DD0-948A-36F8D53B24A1}.MinSizeRel|x86.ActiveCfg = Release|Win32
		{8987BCE5-A0A7-4DD0-948A-36F8D53B24A1}.MinSizeRel|x86.Build.0 = Release|Win32
		{8987BCE5-A0A7-4DD0-948A-36F8D53B24A1}.Release|x64.ActiveCfg = Release|x64
		{8987BCE5-A0A7-4DD0-948A-36F8D53B24A1}.Release|x64.Build.0 = Release|x64
		{8987BCE5-A0A7-4DD0-948A-36F8D53B24A1}.Release|x86.ActiveCfg = Release|Win32
		{8987BCE5-A0A7-4DD0-948A-36F8D53B24A1}.Release|x86.Build.0 = Release|Win32
		{8987BCE5-A0A7-4DD0-948A-36F8D53B24A1}.RelWithDebInfo|x64.ActiveCfg = Release|x64
		{8987BCE5-A0A7-4DD0-948A-36F8D53B24A1}.RelWithDebInfo|x64.Build.0 = Release|x64
		{8987BCE5-A0A7-4DD0-948A-36F8D53B24A1}.RelWithDebInfo|x86.ActiveCfg = Release|Win32
		{8987BCE5-A0A7-4DD0-948A-36F8D53B24A1}.RelWithDebInfo|x86.Build.0 = Release|Win32
		{2F515190-089A-433E-AE60-A837BCE6BD53}.Debug|x64.ActiveCfg = Debug|x64
		{2F515190-089A-433E-AE60-A837BCE6BD53}.Debug|x64.Build.0 = Debug|x64
		{2F515190-089A-433E-AE60-A837BCE6BD53}.Debug|x86.ActiveCfg = Debug|Win32
		{2F515190-089A-433E-AE60-A837BCE6BD53}.Debug|x86.Build.0 = Debug|Win32
		{2F515190-089A-433E-AE60-A837BCE6BD53}.MinSizeRel|x64.ActiveCfg = Release|x64
		{2F515190-089A-433E-AE60-A837BCE6BD53}.MinSizeRel|x64.Build.0 = Release|x64
		{2F515190-089A-433E-AE60-A837BCE6BD53}.MinSizeRel|x86.ActiveCfg = Release|Win32
		{2F515190-089A-433E-AE60-A837BCE6BD53}.MinSizeRel|x86.Build.0 = Release|Win32
		{2F515190-089A-433E-AE60-A837BCE6BD53}.Release|x64.ActiveCfg = Release|x64
		{2F515190-089A-433E-AE60-A837BCE6BD53}.Release|x64.Build.0 = Release|x64
		{2F515190-089A-433E-AE60-A837BCE6BD53}.Release|x86.ActiveCfg = Release|Win32
		{2F515190-089A-433E-AE60-A837BCE6BD53}.Release|x86.Build.0 = Release|Win32
		{2F515190-089A-433E-AE60-A837BCE6BD53}.RelWithDebInfo|x64.ActiveCfg = Release|x64
		{2F515190-089A-433E-AE60-A837BCE6BD53}.RelWithDebInfo|x64.Build.0 = Release|x64
		{2F515190-089A-433E-AE60-A837BCE6BD53}.RelWithDebInfo|x86.ActiveCfg = Release|Win32
		{2F515190-089A-433E-AE60-A837BCE6BD53}.RelWithDebInfo|x86.Build.0 = Release|Win32
		{832C864C-F397-4F8E-8C3C-6AF6DC71227E}.Debug|x64.ActiveCfg = Debug|x64
		{832C864C-F397-4F8E-8C3C-6AF6DC71227E}.Debug|x64.Build.0 = Debug|x64
		{832C864C-F397-4F8E-8C3C-6AF6DC71227E}.Debug|x86.ActiveCfg = Debug|Win32
		{832C864C-F397-4F8E-8C3C-6AF6DC71227E}.Debug|x86.Build.0 = Debug|Win32
		{832C864C-F397-4F8E-8C3C-6AF6DC71227E}.MinSizeRel|x64.ActiveCfg = Release|x64
		{832C864C-F397-4F8E-8C3C-6AF6DC71227E}.MinSizeRel|x64.Build.0 = Release|x64
		{832C864C-F397-4F8E-8C3C-6AF6DC71227E}.MinSizeRel|x86.ActiveCfg = Release|Win32
		{832C864C-F397-4F8E-8C3C-6AF6DC71227E}.MinSizeRel|x86.Build.0 = Release|Win32
		{832C864C-F397-4F8E-8C3C-6AF6DC71227E}.Release|x64.ActiveCfg = Release|x64
		{832C864C-F397-4F8E-8C3C-6AF6DC71227E}.Release|x64.Build.0 = Release|x64
		{832C864C-F397-4F8E-8C3C-6AF6DC71227E}.Release|x86.ActiveCfg = Release|Win32
		{832C864C-F397-4F8E-8C3C-6AF6DC71227E}.Release|x86.Build.0 = Release|Win32
		{832C864C-F397-4F8E-8C3C-6AF6DC71227E}.RelWithDebInfo|x64.ActiveCfg = Release|x64
		{832C864C-F397-4F8E-8C3C-6AF6DC71227E}.RelWithDebInfo|x64.Build.0 = Release|x64
		{832C864C-F397-4F8E-8C3C-6AF6DC71227E}.RelWithDebInfo|x86.ActiveCfg = Release|Win32
		{832C864C-F397-4F8E-8C3C-6AF6DC71227E}.RelWithDebInfo|x86.Build.0 = Release|Win32
		{6AA9B650-648F-426A-82BF-AE180FEBFF4C}.Debug|x64.ActiveCfg = Debug|x64
		{6AA9B650-648F-426A-82BF-AE180FEBFF4C}.Debug|x64.Build.0 = Debug|x64
		{6AA9B650-648F-426A-82BF-AE180FEBFF4C}.Debug|x86.ActiveCfg = Debug|Win32
		{6AA9B650-648F-426A-82BF-AE180FEBFF4C}.Debug|x86.Build.0 = Debug|Win32
		{6AA9B650-648F-426A-82BF-AE180FEBFF4C}.MinSizeRel|x64.ActiveCfg = Release|x64
		{6AA9B650-648F-426A-82BF-AE180FEBFF4C}.MinSizeRel|x64.Build.0 = Release|x64
		{6AA9B650-648F-426A-82BF-AE180FEBFF4C}.MinSizeRel|x86.ActiveCfg = Release|Win32
		{6AA9B650-648F-426A-82BF-AE180FEBFF4C}.MinSizeRel|x86.Build.0 = Release|Win32
		{6AA9B650-648F-426A-82BF-AE180FEBFF4C}.Release|x64.ActiveCfg = Release|x64
		{6AA9B650-648F-426A-82BF-AE180FEBFF4C}.Release|x64.Build.0 = Release|x64
		{6AA9B650-648F-426A-82BF-AE180FEBFF4C}.Release|x86.ActiveCfg = Release|Win32
		{6AA9B650-648F-426A-82BF-AE180FEBFF4C}.Release|x86.Build.0 = Release|Win32
		{6AA9B650-648F-426A-82BF-AE180FEBFF4C}.RelWithDebInfo|x64.ActiveCfg = Release|x64
		{6AA9B650-648F-426A-82BF-AE180FEBFF4C}.RelWithDebInfo|x64.Build.0 = Release|x64
		{6AA9B650-648F-426A-82BF-AE180FEBFF4C}.RelWithDebInfo|x86.ActiveCfg = Release|Win32
		{6AA9B650-648F-426A-82BF-AE180FEBFF4C}.RelWithDebInfo|x86.Build.0 = Release|Win32
		{1B19706C-A17E-45AC-B14B-300C0DE6A3EE}.Debug|x64.ActiveCfg = Debug|x64
		{1B19706C-A17E-45AC-B14B-300C0DE6A3EE}.Debug|x64.Build.0 = Debug|x64
		{1B19706C-A17E-45AC-B14B-300C0DE6A3EE}.Debug|x86.ActiveCfg = Debug|Win32
		{1B19706C-A17E-45AC-B14B-300C0DE6A3EE}.Debug|x86.Build.0 = Debug|Win32
		{1B19706C-A17E-45AC-B14B-300C0DE6A3EE}.MinSizeRel|x64.ActiveCfg = Release|x64
		{1B19706C-A17E-45AC-B14B-300C0DE6A3EE}.MinSizeRel|x64.Build.0 = Release|x64
		{1B19706C-A17E-45AC-B14B-300C0DE6A3EE}.MinSizeRel|x86.ActiveCfg = Release|Win32
		{1B19706C-A17E-45AC-B14B-300C0DE6A3EE}.MinSizeRel|x86.Build.0 = Release|Win32
		{1B19706C-A17E-45AC-B14B-300C0DE6A3EE}.Release|x64.ActiveCfg = Release|x64
		{1B19706C-A17E-45AC-B14B-300C0DE6A3EE}.Release|x64.Build.0 = Release|x64
		{1B19706C-A17E-45AC-B14B-300C0DE6A3EE}.Release|x86.ActiveCfg = Release|Win32
		{1B19706C-A17E-45AC-B14B-300C0DE6A3EE}.Release|x86.Build.0 = Release|Win32
		{1B19706C-A17E-45AC-B14B-300C0DE6A3EE}.RelWithDebInfo|x64.ActiveCfg = Release|x64
		{1B19706C-A17E-45AC-B14B-300C0DE6A3EE}.RelWithDebInfo|x64.Build.0 = Release|x64
		{1B19706C-A17E-45AC-B14B-300C0DE6A3EE}.RelWithDebInfo|x86.ActiveCfg = Release|Win32
		{1B19706C-A17E-45AC-B14B-300C0DE6A3EE}.RelWithDebInfo|x86.Build.0 = Release|Win32
		{8E77B61E-97DD-4D11-8C81-8009C534F38A}.Debug|x64.ActiveCfg = Debug|x64
		{8E77B61E-97DD-4D11-8C81-8009C534F38A}.Debug|x64.Build.0 = Debug|x64
		{8E77B61E-97DD-4D11-8C81-8009C534F38A}.Debug|x86.ActiveCfg = Debug|Win32
		{8E77B61E-97DD-4D11-8C81-8009C534F38A}.Debug|x86.Build.0 = Debug|Win32
		{8E77B61E-97DD-4D11-8C81-8009C534F38A}.MinSizeRel|x64.ActiveCfg = Release|x64
		{8E77B61E-97DD-4D11-8C81-8009C534F38A}.MinSizeRel|x64.Build.0 = Release|x64
		{8E77B61E-97DD-4D11-8C81-8009C534F38A}.MinSizeRel|x86.ActiveCfg = Release|Win32
		{8E77B61E-97DD-4D11-8C81-8009C534F38A}.MinSizeRel|x86.Build.0 = Release|Win32
		{8E77B61E-97DD-4D11-8C81-8009C534F38A}.Release|x64.ActiveCfg = Release|x64
		{8E77B61E-97DD-4D11-8C81-8009C534F38A}.Release|x64.Build.0 = Release|x64
		{8E77B61E-97DD-4D11-8C81-8009C534F38A}.Release|x86.ActiveCfg = Release|Win32
		{8E77B61E-97DD-4D11-8C81-8009C534F38A}.Release|x86.Build.0 = Release|Win32
		{8E77B61E-97DD-4D11-8C81-8009C534F38A}.RelWithDebInfo|x64.ActiveCfg = Release|x64
		{8E77B61E-97DD-4D11-8C81-8009C534F38A}.RelWithDebInfo|x64.Build.0 = Release|x64
		{8E77B61E-97DD-4D11-8C81-8009C534F38A}.RelWithDebInfo|x86.ActiveCfg = Release|Win32
		{8E77B61E-97DD-4D11-8C81-8009C534F38A}.RelWithDebInfo|x86.Build.0 = Release|Win32
		{2D0171A1-5DD6-42A5-8FCE-908257EAFBE9}.Debug|x64.ActiveCfg = Debug|x64
		{2D0171A1-5DD6-42A5-8FCE-908257EAFBE9}.Debug|x64.Build.0 = Debug|x64
		{2D0171A1-5DD6-42A5-8FCE-908257EAFBE9}.Debug|x86.ActiveCfg = Debug|Win32
		{2D0171A1-5DD6-42A5-8FCE-908257EAFBE9}.Debug|x86.Build.0 = Debug|Win32
		{2D0171A1-5DD6-42A5-8FCE-908257EAFBE9}.MinSizeRel|x64.ActiveCfg = Release|x64
		{2D0171A1-5DD6-42A5-8FCE-908257EAFBE9}.MinSizeRel|x64.Build.0 = Release|x64
		{2D0171A1-5DD6-42A5-8FCE-908257EAFBE9}.MinSizeRel|x86.ActiveCfg = Release|Win32
		{2D0171A1-5DD6-42A5-8FCE-908257EAFBE9}.MinSizeRel|x86.Build.0 = Release|Win32
		{2D0171A1-5DD6-42A5-8FCE-908257EAFBE9}.Release|x64.ActiveCfg = Release|x64
		{2D0171A1-5DD6-42A5-8FCE-908257EAFBE9}.Release|x64.Build.0 = Release|x64
		{2D0171A1-5DD6-42A5-8FCE-908257EAFBE9}.Release|x86.ActiveCfg = Release|Win32
		{2D0171A1-5DD6-42A5-8FCE-908257EAFBE9}.Release|x86.Build.0 = Release|Win32
		{2D0171A1-5DD6-42A5-8FCE-908257EAFBE9}.RelWithDebInfo|x64.ActiveCfg = Release|x64
		{2D0171A1-5DD6-42A5-8FCE-908257EAFBE9}.RelWithDebInfo|x64.Build.0 = Release|x64
		{2D0171A1-5DD6-42A5-8FCE-908257EAFBE9}.RelWithDebInfo|x86.ActiveCfg = Release|Win32
		{2D0171A1-5DD6-42A5-8FCE-908257EAFBE9}.RelWithDebInfo|x86.Build.0 = Release|Win32
		{0C4CAC6B-0733-4194-8FB0-C30E11A79A5E}.Debug|x64.ActiveCfg = Debug|x64
		{0C4CAC6B-0733-4194-8FB0-C30E11A79A5E}.Debug|x64.Build.0 = Debug|x64
		{0C4CAC6B-0733-4194-8FB0-C30E11A79A5E}.Debug|x86.ActiveCfg = Debug|Win32
		{0C4CAC6B-0733-4194-8FB0-C30E11A79A5E}.Debug|x86.Build.0 = Debug|Win32
		{0C4CAC6B-0733-4194-8FB0-C30E11A79A5E}.MinSizeRel|x64.ActiveCfg = Release|x64
		{0C4CAC6B-0733-4194-8FB0-C30E11A79A5E}.MinSizeRel|x64.Build.0 = Release|x64
		{0C4CAC6B-0733-4194-8FB0-C30E11A79A5E}.MinSizeRel|x86.ActiveCfg = Release|Win32
		{0C4CAC6B-0733-4194-8FB0-C30E11A79A5E}.MinSizeRel|x86.Build.0 = Release|Win32
		{0C4CAC6B-0733-4194-8FB0-C30E11A79A5E}.Release|x64.ActiveCfg = Release|x64
		{0C4CAC6B-0733-4194-8FB0-C30E11A79A5E}.Release|x64.Build.0 = Release|x64
		{0C4CAC6B-0733-4194-8FB0-C30E11A79A5E}.Release|x86.ActiveCfg = Release|Win32
		{0C4CAC6B-0733-4194-8FB0-C30E11A79A5E}.Release|x86.Build.0 = Release|Win32
		{0C4CAC6B-0733-4194-8FB0-C30E11A79A5E}.RelWithDebInfo|x64.ActiveCfg = Release|x64
		{0C4CAC6B-0733-4194-8FB0-C30E11A79A5E}.RelWithDebInfo|x64.Build.0 = Release|x64
		{0C4CAC6B-0733-4194-8FB0-C30E11A79A5E}.RelWithDebInfo|x86.ActiveCfg = Release|Win32
		{0C4CAC6B-0733-4194-8FB0-C30E11A79A5E}.RelWithDebInfo|x86.Build.0 = Release|Win32
		{D8CA858E-F337-46E6-B22C-02E7E82B1CF1}.Debug|x64.ActiveCfg = Debug|x64
		{D8CA858E-F337-46E6-B22C-02E7E82B1CF1}.Debug|x64.Build.0 = Debug|x64
		{D8CA858E-F337-46E6-B22C-02E7E82B1CF1}.Debug|x86.ActiveCfg = Debug|Win32
		{D8CA858E-F337-46E6-B22C-02E7E82B1CF1}.Debug|x86.Build.0 = Debug|Win32
		{D8CA858E-F337-46E6-B22C-02E7E82B1CF1}.MinSizeRel|x64.ActiveCfg = Release|x64
		{D8CA858E-F337-46E6-B22C-02E7E82B1CF1}.MinSizeRel|x64.Build.0 = Release|x64
		{D8CA858E-F337-46E6-B22C-02E7E82B1CF1}.MinSizeRel|x86.ActiveCfg = Release|Win32
		{D8CA858E-F337-46E6-B22C-02E7E82B1CF1}.MinSizeRel|x86.Build.0 = Release|Win32
		{D8CA858E-F337-46E6-B22C-02E7E82B1CF1}.Release|x64.ActiveCfg = Release|x64
		{D8CA858E-F337-46E6-B22C-02E7E82B1CF1}.Release|x64.Build.0 = Release|x64
		{D8CA858E-F337-46E6-B22C-02E7E82B1CF1}.Release|x86.ActiveCfg = Release|Win32
		{D8CA858E-F337-46E6-B22C-02E7E82B1CF1}.Release|x86.Build.0 = Release|Win32
		{D8CA858E-F337-46E6-B22C-02E7E82B1CF1}.RelWithDebInfo|x64.ActiveCfg = Release|x64
		{D8CA858E-F337-46E6-B22C-02E7E82B1CF1}.RelWithDebInfo|x64.Build.0 = Release|x64
		{D8CA858E-F337-46E6-B22C-02E7E82B1CF1}.RelWithDebInfo|x86.ActiveCfg = Release|Win32
		{D8CA858E-F337-46E6-B22C-02E7E82B1CF1}.RelWithDebInfo|x86.Build.0 = Release|Win32
		{0D9DED13-F0AD-43FD-B5CE-B825015D498E}.Debug|x64.ActiveCfg = Debug|x64
		{0D9DED13-F0AD-43FD-B5CE-B825015D498E}.Debug|x64.Build.0 = Debug|x64
		{0D9DED13-F0AD-43FD-B5CE-B825015D498E}.Debug|x86.ActiveCfg = Debug|Win32
		{0D9DED13-F0AD-43FD-B5CE-B825015D498E}.Debug|x86.Build.0 = Debug|Win32
		{0D9DED13-F0AD-43FD-B5CE-B825015D498E}.MinSizeRel|x64.ActiveCfg = Release|x64
		{0D9DED13-F0AD-43FD-B5CE-B825015D498E}.MinSizeRel|x64.Build.0 = Release|x64
		{0D9DED13-F0AD-43FD-B5CE-B825015D498E}.MinSizeRel|x86.ActiveCfg = Release|Win32
		{0D9DED13-F0AD-43FD-B5CE-B825015D498E}.MinSizeRel|x86.Build.0 = Release|Win32
		{0D9DED13-F0AD-43FD-B5CE-B825015D498E}.Release|x64.ActiveCfg = Release|x64
		{0D9DED13-F0AD-43FD-B5CE-B825015D498E}.Release|x64.Build.0 = Release|x64
		{0D9DED13-F0AD-43FD-B5CE-B825015D498E}.Release|x86.ActiveCfg = Release|Win32
		{0D9DED13-F0AD-43FD-B5CE-B825015D498E}.Release|x86.Build.0 = Release|Win32
		{0D9DED13-F0AD-43FD-B5CE-B825015D498E}.RelWithDebInfo|x64.ActiveCfg = Release|x64
		{0D9DED13-F0AD-43FD-B5CE-B825015D498E}.RelWithDebInfo|x64.Build.0 = Release|x64
		{0D9DED13-F0AD-43FD-B5CE-B825015D498E}.RelWithDebInfo|x86.ActiveCfg = Release|Win32
		{0D9DED13-F0AD-43FD-B5CE-B825015D498E}.RelWithDebInfo|x86.Build.0 = Release|Win32
		{BDE06C0C-1E37-4C85-954B-04B9CA160201}.Debug|x64.ActiveCfg = Debug|x64
		{BDE06C0C-1E37-4C85-954B-04B9CA160201}.Debug|x64.Build.0 = Debug|x64
		{BDE06C0C-1E37-4C85-954B-04B9CA160201}.Debug|x86.ActiveCfg = Debug|Win32
		{BDE06C0C-1E37-4C85-954B-04B9CA160201}.Debug|x86.Build.0 = Debug|Win32
		{BDE06C0C-1E37-4C85-954B-04B9CA160201}.MinSizeRel|x64.ActiveCfg = Release|x64
		{BDE06C0C-1E37-4C85-954B-04B9CA160201}.MinSizeRel|x64.Build.0 = Release|x64
		{BDE06C0C-1E37-4C85-954B-04B9CA160201}.MinSizeRel|x86.ActiveCfg = Release|Win32
		{BDE06C0C-1E37-4C85-954B-04B9CA160201}.MinSizeRel|x86.Build.0 = Release|Win32
		{BDE06C0C-1E37-4C85-954B-04B9CA160201}.Release|x64.ActiveCfg = Release|x64
		{BDE06C0C-1E37-4C85-954B-04B9CA160201}.Release|x64.Build.0 = Release|x64
		{BDE06C0C-1E37-4C85-954B-04B9CA160201}.Release|x86.ActiveCfg = Release|Win32
		{BDE06C0C-1E37-4C85-954B-04B9CA160201}.Release|x86.Build.0 = Release|Win32
		{BDE06C0C-1E37-4C85-954B-04B9CA160201}.RelWithDebInfo|x64.ActiveCfg = Release|x64
		{BDE06C0C-1E37-4C85-954B-04B9CA160201}.RelWithDebInfo|x64.Build.0 = Release|x64
		{BDE06C0C-1E37-4C85-954B-04B9CA160201}.RelWithDebInfo|x86.ActiveCfg = Release|Win32
		{BDE06C0C-1E37-4C85-954B-04B9CA160201}.RelWithDebInfo|x86.Build.0 = Release|Win32
		{F0C6B329-70D4-440F-B826-D091C50723FD}.Debug|x64.ActiveCfg = Debug|x64
		{F0C6B329-70D4-440F-B826-D091C50723FD}.Debug|x64.Build.0 = Debug|x64
		{F0C6B329-70D4-440F-B826-D091C50723FD}.Debug|x86.ActiveCfg = Debug|Win32
		{F0C6B329-70D4-440F-B826-D091C50723FD}.Debug|x86.Build.0 = Debug|Win32
		{F0C6B329-70D4-440F-B826-D091C50723FD}.MinSizeRel|x64.ActiveCfg = Release|x64
		{F0C6B329-70D4-440F-B826-D091C50723FD}.MinSizeRel|x64.Build.0 = Release|x64
		{F0C6B329-70D4-440F-B826-D091C50723FD}.MinSizeRel|x86.ActiveCfg = Release|Win32
		{F0C6B329-70D4-440F-B826-D091C50723FD}.MinSizeRel|x86.Build.0 = Release|Win32
		{F0C6B329-70D4-440F-B826-D091C50723FD}.Release|x64.ActiveCfg = Release|x64
		{F0C6B329-70D4-440F-B826-D091C50723FD}.Release|x64.Build.0 = Release|x64
		{F0C6B329-70D4-440F-B826-D091C50723FD}.Release|x86.ActiveCfg = Release|Win32
		{F0C6B329-70D4-440F-B826-D091C50723FD}.Release|x86.Build.0 = Release|Win32
		{F0C6B329-70D4-440F-B826-D091C50723FD}.RelWithDebInfo|x64.ActiveCfg = Release|x64
		{F0C6B329-70D4-440F-B826-D091C50723FD}.RelWithDebInfo|x64.Build.0 = Release|x64
		{F0C6B329-70D4-440F-B826-D091C50723FD}.RelWithDebInfo|x86.ActiveCfg = Release|Win32
		{F0C6B329-70D4-440F-B826-D091C50723FD}.RelWithDebInfo|x86.Build.0 = Release|Win32
		{F7DE9EBE-8650-4FD5-936E-E89932AEE5BB}.Debug|x64.ActiveCfg = Debug|x64
		{F7DE9EBE-8650-4FD5-936E-E89932AEE5BB}.Debug|x64.Build.0 = Debug|x64
		{F7DE9EBE-8650-4FD5-936E-E89932AEE5BB}.Debug|x86.ActiveCfg = Debug|Win32
		{F7DE9EBE-8650-4FD5-936E-E89932AEE5BB}.Debug|x86.Build.0 = Debug|Win32
		{F7DE9EBE-8650-4FD5-936E-E89932AEE5BB}.MinSizeRel|x64.ActiveCfg = Release|x64
		{F7DE9EBE-8650-4FD5-936E-E89932AEE5BB}.MinSizeRel|x64.Build.0 = Release|x64
		{F7DE9EBE-8650-4FD5-936E-E89932AEE5BB}.MinSizeRel|x86.ActiveCfg = Release|Win32
		{F7DE9EBE-8650-4FD5-936E-E89932AEE5BB}.MinSizeRel|x86.Build.0 = Release|Win32
		{F7DE9EBE-8650-4FD5-936E-E89932AEE5BB}.Release|x64.ActiveCfg = Release|x64
		{F7DE9EBE-8650-4FD5-936E-E89932AEE5BB}.Release|x64.Build.0 = Release|x64
		{F7DE9EBE-8650-4FD5-936E-E89932AEE5BB}.Release|x86.ActiveCfg = Release|Win32
		{F7DE9EBE-8650-4FD5-936E-E89932AEE5BB}.Release|x86.Build.0 = Release|Win32
		{F7DE9EBE-8650-4FD5-936E-E89932AEE5BB}.RelWithDebInfo|x64.ActiveCfg = Release|x64
		{F7DE9EBE-8650-4FD5-936E-E89932AEE5BB}.RelWithDebInfo|x64.Build.0 = Release|x64
		{F7DE9EBE-8650-4FD5-936E-E89932AEE5BB}.RelWithDebInfo|x86.ActiveCfg = Release|Win32
		{F7DE9EBE-8650-4FD5-936E-E89932AEE5BB}.RelWithDebInfo|x86.Build.0 = Release|Win32
		{80ED29CA-6BD7-4D18-B131-6ABCBCF1E9B0}.Debug|x64.ActiveCfg = Debug|x64
		{80ED29CA-6BD7-4D18-B131-6ABCBCF1E9B0}.Debug|x64.Build.0 = Debug|x64
		{80ED29CA-6BD7-4D18-B131-6ABCBCF1E9B0}.Debug|x86.ActiveCfg = Debug|Win32
		{80ED29CA-6BD7-4D18-B131-6ABCBCF1E9B0}.Debug|x86.Build.0 = Debug|Win32
		{80ED29CA-6BD7-4D18-B131-6ABCBCF1E9B0}.MinSizeRel|x64.ActiveCfg = Release|x64
		{80ED29CA-6BD7-4D18-B131-6ABCBCF1E9B0}.MinSizeRel|x64.Build.0 = Release|x64
		{80ED29CA-6BD7-4D18-B131-6ABCBCF1E9B0}.MinSizeRel|x86.ActiveCfg = Release|Win32
		{80ED29CA-6BD7-4D18-B131-6ABCBCF1E9B0}.MinSizeRel|x86.Build.0 = Release|Win32
		{80ED29CA-6BD7-4D18-B131-6ABCBCF1E9B0}.Release|x64.ActiveCfg = Release|x64
		{80ED29CA-6BD7-4D18-B131-6ABCBCF1E9B0}.Release|x64.Build.0 = Release|x64
		{80ED29CA-6BD7-4D18-B131-6ABCBCF1E9B0}.Release|x86.ActiveCfg = Release|Win32
		{80ED29CA-6BD7-4D18-B131-6ABCBCF1E9B0}.Release|x86.Build.0 = Release|Win32
		{80ED29CA-6BD7-4D18-B131-6ABCBCF1E9B0}.RelWithDebInfo|x64.ActiveCfg = Release|x64
		{80ED29CA-6BD7-4D18-B131-6ABCBCF1E9B0}.RelWithDebInfo|x64.Build.0 = Release|x64
		{80ED29CA-6BD7-4D18-B131-6ABCBCF1E9B0}.RelWithDebInfo|x86.ActiveCfg = Release|Win32
		{80ED29CA-6BD7-4D18-B131-6ABCBCF1E9B0}.RelWithDebInfo|x86.Build.0 = Release|Win32
		{56A3C29E-7562-48C0-8EBF-77289AC15DFA}.Debug|x64.ActiveCfg = Debug|x64
		{56A3C29E-7562-48C0-8EBF-77289AC15DFA}.Debug|x64.Build.0 = Debug|x64
		{56A3C29E-7562-48C0-8EBF-77289AC15DFA}.Debug|x86.ActiveCfg = Debug|Win32
		{56A3C29E-7562-48C0-8EBF-77289AC15DFA}.Debug|x86.Build.0 = Debug|Win32
		{56A3C29E-7562-48C0-8EBF-77289AC15DFA}.MinSizeRel|x64.ActiveCfg = Release|x64
		{56A3C29E-7562-48C0-8EBF-77289AC15DFA}.MinSizeRel|x64.Build.0 = Release|x64
		{56A3C29E-7562-48C0-8EBF-77289AC15DFA}.MinSizeRel|x86.ActiveCfg = Release|Win32
		{56A3C29E-7562-48C0-8EBF-77289AC15DFA}.MinSizeRel|x86.Build.0 = Release|Win32
		{56A3C29E-7562-48C0-8EBF-77289AC15DFA}.Release|x64.ActiveCfg = Release|x64
		{56A3C29E-7562-48C0-8EBF-77289AC15DFA}.Release|x64.Build.0 = Release|x64
		{56A3C29E-7562-48C0-8EBF-77289AC15DFA}.Release|x86.ActiveCfg = Release|Win32
		{56A3C29E-7562-48C0-8EBF-77289AC15DFA}.Release|x86.Build.0 = Release|Win32
		{56A3C29E-7562-48C0-8EBF-77289AC15DFA}.RelWithDebInfo|x64.ActiveCfg = Release|x64
		{56A3C29E-7562-48C0-8EBF-77289AC15DFA}.RelWithDebInfo|x64.Build.0 = Release|x64
		{56A3C29E-7562-48C0-8EBF-77289AC15DFA}.RelWithDebInfo|x86.ActiveCfg = Release|Win32
		{56A3C29E-7562-48C0-8EBF-77289AC15DFA}.RelWithDebInfo|x86.Build.0 = Release|Win32
		{CED0BAAA-AC27-455B-B4B9-C8C467BCF3AF}.Debug|x64.ActiveCfg = Debug|x64
		{CED0BAAA-AC27-455B-B4B9-C8C467BCF3AF}.Debug|x64.Build.0 = Debug|x64
		{CED0BAAA-AC27-455B-B4B9-C8C467BCF3AF}.Debug|x86.ActiveCfg = Debug|Win32
		{CED0BAAA-AC27-455B-B4B9-C8C467BCF3AF}.Debug|x86.Build.0 = Debug|Win32
		{CED0BAAA-AC27-455B-B4B9-C8C467BCF3AF}.MinSizeRel|x64.ActiveCfg = Release|x64
		{CED0BAAA-AC27-455B-B4B9-C8C467BCF3AF}.MinSizeRel|x64.Build.0 = Release|x64
		{CED0BAAA-AC27-455B-B4B9-C8C467BCF3AF}.MinSizeRel|x86.ActiveCfg = Release|Win32
		{CED0BAAA-AC27-455B-B4B9-C8C467BCF3AF}.MinSizeRel|x86.Build.0 = Release|Win32
		{CED0BAAA-AC27-455B-B4B9-C8C467BCF3AF}.Release|x64.ActiveCfg = Release|x64
		{CED0BAAA-AC27-455B-B4B9-C8C467BCF3AF}.Release|x64.Build.0 = Release|x64
		{CED0BAAA-AC27-455B-B4B9-C8C467BCF3AF}.Release|x86.ActiveCfg = Release|Win32
		{CED0BAAA-AC27-455B-B4B9-C8C467BCF3AF}.Release|x86.Build.0 = Release|Win32
		{CED0BAAA-AC27-455B-B4B9-C8C467BCF3AF}.RelWithDebInfo|x64.ActiveCfg = Release|x64
		{CED0BAAA-AC27-455B-B4B9-C8C467BCF3AF}.RelWithDebInfo|x64.Build.0 = Release|x64
		{CED0BAAA-AC27-455B-B4B9-C8C467BCF3AF}.RelWithDebInfo|x86.ActiveCfg = Release|Win32
		{CED0BAAA-AC27-455B-B4B9-C8C467BCF3AF}.RelWithDebInfo|x86.Build.0 = Release|Win32
		{FC503C2F-D3FF-4B3C-8151-67DB5AB31BBC}.Debug|x64.ActiveCfg = Debug|x64
		{FC503C2F-D3FF-4B3C-8151-67DB5AB31BBC}.Debug|x64.Build.0 = Debug|x64
		{FC503C2F-D3FF-4B3C-8151-67DB5AB31BBC}.Debug|x86.ActiveCfg = Debug|Win32
		{FC503C2F-D3FF-4B3C-8151-67DB5AB31BBC}.Debug|x86.Build.0 = Debug|Win32
		{FC503C2F-D3FF-4B3C-8151-67DB5AB31BBC}.MinSizeRel|x64.ActiveCfg = Release|x64
		{FC503C2F-D3FF-4B3C-8151-67DB5AB31BBC}.MinSizeRel|x64.Build.0 = Release|x64
		{FC503C2F-D3FF-4B3C-8151-67DB5AB31BBC}.MinSizeRel|x86.ActiveCfg = Release|Win32
		{FC503C2F-D3FF-4B3C-8151-67DB5AB31BBC}.MinSizeRel|x86.Build.0 = Release|Win32
		{FC503C2F-D3FF-4B3C-8151-67DB5AB31BBC}.Release|x64.ActiveCfg = Release|x64
		{FC503C2F-D3FF-4B3C-8151-67DB5AB31BBC}.Release|x64.Build.0 = Release|x64
		{FC503C2F-D3FF-4B3C-8151-67DB5AB31BBC}.Release|x86.ActiveCfg = Release|Win32
		{FC503C2F-D3FF-4B3C-8151-67DB5AB31BBC}.Release|x86.Build.0 = Release|Win32
		{FC503C2F-D3FF-4B3C-8151-67DB5AB31BBC}.RelWithDebInfo|x64.ActiveCfg = Release|x64
		{FC503C2F-D3FF-4B3C-8151-67DB5AB31BBC}.RelWithDebInfo|x64.Build.0 = Release|x64
		{FC503C2F-D3FF-4B3C-8151-67DB5AB31BBC}.RelWithDebInfo|x86.ActiveCfg = Release|Win32
		{FC503C2F-D3FF-4B3C-8151-67DB5AB31BBC}.RelWithDebInfo|x86.Build.0 = Release|Win32
		{F3F50878-5022-48B3-9AC7-F8AB04233662}.Debug|x64.ActiveCfg = Debug|x64
		{F3F50878-5022-48B3-9AC7-F8AB04233662}.Debug|x64.Build.0 = Debug|x64
		{F3F50878-5022-48B3-9AC7-F8AB04233662}.Debug|x86.ActiveCfg = Debug|Win32
		{F3F50878-5022-48B3-9AC7-F8AB04233662}.Debug|x86.Build.0 = Debug|Win32
		{F3F50878-5022-48B3-9AC7-F8AB04233662}.MinSizeRel|x64.ActiveCfg = Release|x64
		{F3F50878-5022-48B3-9AC7-F8AB04233662}.MinSizeRel|x64.Build.0 = Release|x64
		{F3F50878-5022-48B3-9AC7-F8AB04233662}.MinSizeRel|x86.ActiveCfg = Release|Win32
		{F3F50878-5022-48B3-9AC7-F8AB04233662}.MinSizeRel|x86.Build.0 = Release|Win32
		{F3F50878-5022-48B3-9AC7-F8AB04233662}.Release|x64.ActiveCfg = Release|x64
		{F3F50878-5022-48B3-9AC7-F8AB04233662}.Release|x64.Build.0 = Release|x64
		{F3F50878-5022-48B3-9AC7-F8AB04233662}.Release|x86.ActiveCfg = Release|Win32
		{F3F50878-5022-48B3-9AC7-F8AB04233662}.Release|x86.Build.0 = Release|Win32
		{F3F50878-5022-48B3-9AC7-F8AB04233662}.RelWithDebInfo|x64.ActiveCfg = Release|x64
		{F3F50878-5022-48B3-9AC7-F8AB04233662}.RelWithDebInfo|x64.Build.0 = Release|x64
		{F3F50878-5022-48B3-9AC7-F8AB04233662}.RelWithDebInfo|x86.ActiveCfg = Release|Win32
		{F3F50878-5022-48B3-9AC7-F8AB04233662}.RelWithDebInfo|x86.Build.0 = Release|Win32
		{34ABCCA2-C15F-4DF5-A937-7486522CC9FC}.Debug|x64.ActiveCfg = Debug|x64
		{34ABCCA2-C15F-4DF5-A937-7486522CC9FC}.Debug|x64.Build.0 = Debug|x64
		{34ABCCA2-C15F-4DF5-A937-7486522CC9FC}.Debug|x86.ActiveCfg = Debug|Win32
		{34ABCCA2-C15F-4DF5-A937-7486522CC9FC}.Debug|x86.Build.0 = Debug|Win32
		{34ABCCA2-C15F-4DF5-A937-7486522CC9FC}.MinSizeRel|x64.ActiveCfg = Release|x64
		{34ABCCA2-C15F-4DF5-A937-7486522CC9FC}.MinSizeRel|x64.Build.0 = Release|x64
		{34ABCCA2-C15F-4DF5-A937-7486522CC9FC}.MinSizeRel|x86.ActiveCfg = Release|Win32
		{34ABCCA2-C15F-4DF5-A937-7486522CC9FC}.MinSizeRel|x86.Build.0 = Release|Win32
		{34ABCCA2-C15F-4DF5-A937-7486522CC9FC}.Release|x64.ActiveCfg = Release|x64
		{34ABCCA2-C15F-4DF5-A937-7486522CC9FC}.Release|x64.Build.0 = Release|x64
		{34ABCCA2-C15F-4DF5-A937-7486522CC9FC}.Release|x86.ActiveCfg = Release|Win32
		{34ABCCA2-C15F-4DF5-A937-7486522CC9FC}.Release|x86.Build.0 = Release|Win32
		{34ABCCA2-C15F-4DF5-A937-7486522CC9FC}.RelWithDebInfo|x64.ActiveCfg = Release|x64
		{34ABCCA2-C15F-4DF5-A937-7486522CC9FC}.RelWithDebInfo|x64.Build.0 = Release|x64
		{34ABCCA2-C15F-4DF5-A937-7486522CC9FC}.RelWithDebInfo|x86.ActiveCfg = Release|Win32
		{34ABCCA2-C15F-4DF5-A937-7486522CC9FC}.RelWithDebInfo|x86.Build.0 = Release|Win32
		{CAF31FC9-77BD-47BE-B1C1-E1A715202352}.Debug|x64.ActiveCfg = Debug|x64
		{CAF31FC9-77BD-47BE-B1C1-E1A715202352}.Debug|x64.Build.0 = Debug|x64
		{CAF31FC9-77BD-47BE-B1C1-E1A715202352}.Debug|x86.ActiveCfg = Debug|Win32
		{CAF31FC9-77BD-47BE-B1C1-E1A715202352}.Debug|x86.Build.0 = Debug|Win32
		{CAF31FC9-77BD-47BE-B1C1-E1A715202352}.MinSizeRel|x64.ActiveCfg = Release|x64
		{CAF31FC9-77BD-47BE-B1C1-E1A715202352}.MinSizeRel|x64.Build.0 = Release|x64
		{CAF31FC9-77BD-47BE-B1C1-E1A715202352}.MinSizeRel|x86.ActiveCfg = Release|Win32
		{CAF31FC9-77BD-47BE-B1C1-E1A715202352}.MinSizeRel|x86.Build.0 = Release|Win32
		{CAF31FC9-77BD-47BE-B1C1-E1A715202352}.Release|x64.ActiveCfg = Release|x64
		{CAF31FC9-77BD-47BE-B1C1-E1A715202352}.Release|x64.Build.0 = Release|x64
		{CAF31FC9-77BD-47BE-B1C1-E1A715202352}.Release|x86.ActiveCfg = Release|Win32
		{CAF31FC9-77BD-47BE-B1C1-E1A715202352}.Release|x86.Build.0 = Release|Win32
		{CAF31FC9-77BD-47BE-B1C1-E1A715202352}.RelWithDebInfo|x64.ActiveCfg = Release|x64
		{CAF31FC9-77BD-47BE-B1C1-E1A715202352}.RelWithDebInfo|x64.Build.0 = Release|x64
		{CAF31FC9-77BD-47BE-B1C1-E1A715202352}.RelWithDebInfo|x86.ActiveCfg = Release|Win32
		{CAF31FC9-77BD-47BE-B1C1-E1A715202352}.RelWithDebInfo|x86.Build.0 = Release|Win32
		{9E4223B6-8C9E-4C76-BA12-AA81FA14CADB}.Debug|x64.ActiveCfg = Debug|x64
		{9E4223B6-8C9E-4C76-BA12-AA81FA14CADB}.Debug|x64.Build.0 = Debug|x64
		{9E4223B6-8C9E-4C76-BA12-AA81FA14CADB}.Debug|x86.ActiveCfg = Debug|Win32
		{9E4223B6-8C9E-4C76-BA12-AA81FA14CADB}.Debug|x86.Build.0 = Debug|Win32
		{9E4223B6-8C9E-4C76-BA12-AA81FA14CADB}.MinSizeRel|x64.ActiveCfg = Release|x64
		{9E4223B6-8C9E-4C76-BA12-AA81FA14CADB}.MinSizeRel|x64.Build.0 = Release|x64
		{9E4223B6-8C9E-4C76-BA12-AA81FA14CADB}.MinSizeRel|x86.ActiveCfg = Release|Win32
		{9E4223B6-8C9E-4C76-BA12-AA81FA14CADB}.MinSizeRel|x86.Build.0 = Release|Win32
		{9E4223B6-8C9E-4C76-BA12-AA81FA14CADB}.Release|x64.ActiveCfg = Release|x64
		{9E4223B6-8C9E-4C76-BA12-AA81FA14CADB}.Release|x64.Build.0 = Release|x64
		{9E4223B6-8C9E-4C76-BA12-AA81FA14CADB}.Release|x86.ActiveCfg = Release|Win32
		{9E4223B6-8C9E-4C76-BA12-AA81FA14CADB}.Release|x86.Build.0 = Release|Win32
		{9E4223B6-8C9E-4C76-BA12-AA81FA14CADB}.RelWithDebInfo|x64.ActiveCfg = Release|x64
		{9E4223B6-8C9E-4C76-BA12-AA81FA14CADB}.RelWithDebInfo|x64.Build.0 = Release|x64
		{9E4223B6-8C9E-4C76-BA12-AA81FA14CADB}.RelWithDebInfo|x86.ActiveCfg = Release|Win32
		{9E4223B6-8C9E-4C76-BA12-AA81FA14CADB}.RelWithDebInfo|x86.Build.0 = Release|Win32
		{7C692A35-8A85-4AE4-987A-EBF05E7AAFD8}.Debug|x64.ActiveCfg = Debug|x64
		{7C692A35-8A85-4AE4-987A-EBF05E7AAFD8}.Debug|x64.Build.0 = Debug|x64
		{7C692A35-8A85-4AE4-987A-EBF05E7AAFD8}.Debug|x86.ActiveCfg = Debug|Win32
		{7C692A35-8A85-4AE4-987A-EBF05E7AAFD8}.Debug|x86.Build.0 = Debug|Win32
		{7C692A35-8A85-4AE4-987A-EBF05E7AAFD8}.MinSizeRel|x64.ActiveCfg = Release|x64
		{7C692A35-8A85-4AE4-987A-EBF05E7AAFD8}.MinSizeRel|x64.Build.0 = Release|x64
		{7C692A35-8A85-4AE4-987A-EBF05E7AAFD8}.MinSizeRel|x86.ActiveCfg = Release|Win32
		{7C692A35-8A85-4AE4-987A-EBF05E7AAFD8}.MinSizeRel|x86.Build.0 = Release|Win32
		{7C692A35-8A85-4AE4-987A-EBF05E7AAFD8}.Release|x64.ActiveCfg = Release|x64
		{7C692A35-8A85-4AE4-987A-EBF05E7AAFD8}.Release|x64.Build.0 = Release|x64
		{7C692A35-8A85-4AE4-987A-EBF05E7AAFD8}.Release|x86.ActiveCfg = Release|Win32
		{7C692A35-8A85-4AE4-987A-EBF05E7AAFD8}.Release|x86.Build.0 = Release|Win32
		{7C692A35-8A85-4AE4-987A-EBF05E7AAFD8}.RelWithDebInfo|x64.ActiveCfg = Release|x64
		{7C692A35-8A85-4AE4-987A-EBF05E7AAFD8}.RelWithDebInfo|x64.Build.0 = Release|x64
		{7C692A35-8A85-4AE4-987A-EBF05E7AAFD8}.RelWithDebInfo|x86.ActiveCfg = Release|Win32
		{7C692A35-8A85-4AE4-987A-EBF05E7AAFD8}.RelWithDebInfo|x86.Build.0 = Release|Win32
	EndGlobalSection
	GlobalSection(SolutionProperties) = preSolution
		HideSolutionNode = FALSE
	EndGlobalSection
	GlobalSection(Performance) = preSolution
		HasPerformanceSessions = true
	EndGlobalSection
	GlobalSection(Performance) = preSolution
		HasPerformanceSessions = true
	EndGlobalSection
EndGlobal
